{
  "version": 4,
  "terraform_version": "1.6.6",
  "serial": 100,
  "lineage": "1bb477ac-264a-d131-258f-ccf1da6223d8",
  "outputs": {},
  "resources": [
    {
      "mode": "data",
      "type": "archive_file",
      "name": "lambda_1",
      "provider": "provider[\"registry.terraform.io/hashicorp/archive\"]",
      "instances": [
        {
          "schema_version": 0,
          "attributes": {
            "exclude_symlink_directories": null,
            "excludes": null,
            "id": "013e99d525b643bc9d111b2ded89f3491d65de63",
            "output_base64sha256": "WYlrlaHlymFd8XiAf7jydSfDMvZzzGNaFNGwO2+8fho=",
            "output_base64sha512": "B7Y7K7Xz8WHynFZuIIFPmX7v97ZYcBflhSrKBoGtJaOdadpS9rOE5RniknlShZGmynoWBcnAozosIJpU4hNHnA==",
            "output_file_mode": null,
            "output_md5": "d1070989f5e3909a0e6e0c0147984ae6",
            "output_path": "./.terraform/archive_files/uploadClaimToS3.zip",
            "output_sha": "013e99d525b643bc9d111b2ded89f3491d65de63",
            "output_sha256": "59896b95a1e5ca615df178807fb8f27527c332f673cc635a14d1b03b6fbc7e1a",
            "output_sha512": "07b63b2bb5f3f161f29c566e20814f997eeff7b6587017e5852aca0681ad25a39d69da52f6b384e519e29279528591a6ca7a1605c9c0a33a2c209a54e213479c",
            "output_size": 1684,
            "source": [],
            "source_content": null,
            "source_content_filename": null,
            "source_dir": "uploadClaimToS3",
            "source_file": null,
            "type": "zip"
          },
          "sensitive_attributes": []
        }
      ]
    },
    {
      "mode": "data",
      "type": "archive_file",
      "name": "lambda_2",
      "provider": "provider[\"registry.terraform.io/hashicorp/archive\"]",
      "instances": [
        {
          "schema_version": 0,
          "attributes": {
            "exclude_symlink_directories": null,
            "excludes": null,
            "id": "f4fa57a0871ffbaf1f33cbb0ef35a16d47ec6c7c",
            "output_base64sha256": "iw/cAkzYKS4QpDomgxBRYztUz3Uaixd0cM46XvVopYI=",
            "output_base64sha512": "QxnEyHqOMofanfGqBW6Su/vtphOJoK5wxmh0eIoGQ6qiewcHzvlKS0u4+TMQy563xs8PHUn6WuqQH1tlerTsqw==",
            "output_file_mode": null,
            "output_md5": "ea4f873d48a56c9d1999de3f99f92bbc",
            "output_path": "./.terraform/archive_files/ProcessClaims.zip",
            "output_sha": "f4fa57a0871ffbaf1f33cbb0ef35a16d47ec6c7c",
            "output_sha256": "8b0fdc024cd8292e10a43a26831051633b54cf751a8b177470ce3a5ef568a582",
            "output_sha512": "4319c4c87a8e3287da9df1aa056e92bbfbeda61389a0ae70c66874788a0643aaa27b0707cef94a4b4bb8f93310cb9eb7c6cf0f1d49fa5aea901f5b657ab4ecab",
            "output_size": 1044,
            "source": [],
            "source_content": null,
            "source_content_filename": null,
            "source_dir": "ProcessClaims",
            "source_file": null,
            "type": "zip"
          },
          "sensitive_attributes": []
        }
      ]
    },
    {
      "mode": "data",
      "type": "aws_iam_policy_document",
      "name": "lambda_administrator_policy",
      "provider": "provider[\"registry.terraform.io/hashicorp/aws\"]",
      "instances": [
        {
          "schema_version": 0,
          "attributes": {
            "id": "1789900679",
            "json": "{\n  \"Version\": \"2012-10-17\",\n  \"Statement\": [\n    {\n      \"Effect\": \"Allow\",\n      \"Action\": \"*\",\n      \"Resource\": \"*\"\n    }\n  ]\n}",
            "override_policy_documents": null,
            "policy_id": null,
            "source_policy_documents": null,
            "statement": [
              {
                "actions": [
                  "*"
                ],
                "condition": [],
                "effect": "Allow",
                "not_actions": [],
                "not_principals": [],
                "not_resources": [],
                "principals": [],
                "resources": [
                  "*"
                ],
                "sid": ""
              }
            ],
            "version": "2012-10-17"
          },
          "sensitive_attributes": []
        }
      ]
    },
    {
      "mode": "data",
      "type": "aws_iam_policy_document",
      "name": "lambda_assume_role",
      "provider": "provider[\"registry.terraform.io/hashicorp/aws\"]",
      "instances": [
        {
          "schema_version": 0,
          "attributes": {
            "id": "2690255455",
            "json": "{\n  \"Version\": \"2012-10-17\",\n  \"Statement\": [\n    {\n      \"Effect\": \"Allow\",\n      \"Action\": \"sts:AssumeRole\",\n      \"Principal\": {\n        \"Service\": \"lambda.amazonaws.com\"\n      }\n    }\n  ]\n}",
            "override_policy_documents": null,
            "policy_id": null,
            "source_policy_documents": null,
            "statement": [
              {
                "actions": [
                  "sts:AssumeRole"
                ],
                "condition": [],
                "effect": "Allow",
                "not_actions": [],
                "not_principals": [],
                "not_resources": [],
                "principals": [
                  {
                    "identifiers": [
                      "lambda.amazonaws.com"
                    ],
                    "type": "Service"
                  }
                ],
                "resources": [],
                "sid": ""
              }
            ],
            "version": "2012-10-17"
          },
          "sensitive_attributes": []
        }
      ]
    },
    {
      "mode": "data",
      "type": "aws_iam_policy_document",
      "name": "notify_image_upload",
      "provider": "provider[\"registry.terraform.io/hashicorp/aws\"]",
      "instances": [
        {
          "schema_version": 0,
          "attributes": {
            "id": "588519789",
            "json": "{\n  \"Version\": \"2012-10-17\",\n  \"Statement\": [\n    {\n      \"Effect\": \"Allow\",\n      \"Action\": \"SNS:Publish\",\n      \"Resource\": \"arn:aws:sns:*:*:s3-event-notification-topic\",\n      \"Principal\": {\n        \"Service\": \"s3.amazonaws.com\"\n      },\n      \"Condition\": {\n        \"ArnLike\": {\n          \"aws:SourceArn\": \"arn:aws:s3:::claims-app-bucket-cloudadvocate\"\n        }\n      }\n    },\n    {\n      \"Sid\": \"sqs_statement\",\n      \"Effect\": \"Allow\",\n      \"Action\": \"sns:Subscribe\",\n      \"Resource\": \"arn:aws:sns:*:*:s3-event-notification-topic\",\n      \"Principal\": {\n        \"Service\": \"sqs.amazonaws.com\"\n      },\n      \"Condition\": {\n        \"ArnEquals\": {\n          \"aws:SourceArn\": \"arn:aws:sqs:us-east-2:767925479794:*\"\n        }\n      }\n    }\n  ]\n}",
            "override_policy_documents": null,
            "policy_id": null,
            "source_policy_documents": null,
            "statement": [
              {
                "actions": [
                  "SNS:Publish"
                ],
                "condition": [
                  {
                    "test": "ArnLike",
                    "values": [
                      "arn:aws:s3:::claims-app-bucket-cloudadvocate"
                    ],
                    "variable": "aws:SourceArn"
                  }
                ],
                "effect": "Allow",
                "not_actions": [],
                "not_principals": [],
                "not_resources": [],
                "principals": [
                  {
                    "identifiers": [
                      "s3.amazonaws.com"
                    ],
                    "type": "Service"
                  }
                ],
                "resources": [
                  "arn:aws:sns:*:*:s3-event-notification-topic"
                ],
                "sid": ""
              },
              {
                "actions": [
                  "sns:Subscribe"
                ],
                "condition": [
                  {
                    "test": "ArnEquals",
                    "values": [
                      "arn:aws:sqs:us-east-2:767925479794:*"
                    ],
                    "variable": "aws:SourceArn"
                  }
                ],
                "effect": "Allow",
                "not_actions": [],
                "not_principals": [],
                "not_resources": [],
                "principals": [
                  {
                    "identifiers": [
                      "sqs.amazonaws.com"
                    ],
                    "type": "Service"
                  }
                ],
                "resources": [
                  "arn:aws:sns:*:*:s3-event-notification-topic"
                ],
                "sid": "sqs_statement"
              }
            ],
            "version": "2012-10-17"
          },
          "sensitive_attributes": []
        }
      ]
    },
    {
      "mode": "managed",
      "type": "aws_apigatewayv2_api",
      "name": "apigw",
      "provider": "provider[\"registry.terraform.io/hashicorp/aws\"]",
      "instances": [
        {
          "schema_version": 0,
          "attributes": {
            "api_endpoint": "https://zb5vom8voh.execute-api.us-east-2.amazonaws.com",
            "api_key_selection_expression": "$request.header.x-api-key",
            "arn": "arn:aws:apigateway:us-east-2::/apis/zb5vom8voh",
            "body": null,
            "cors_configuration": [
              {
                "allow_credentials": false,
                "allow_headers": null,
                "allow_methods": null,
                "allow_origins": [
                  "http://*"
                ],
                "expose_headers": null,
                "max_age": 0
              }
            ],
            "credentials_arn": null,
            "description": "upload-images-api",
            "disable_execute_api_endpoint": false,
            "execution_arn": "arn:aws:execute-api:us-east-2:767925479794:zb5vom8voh",
            "fail_on_warnings": null,
            "id": "zb5vom8voh",
            "name": "upload-images-api",
            "protocol_type": "HTTP",
            "route_key": null,
            "route_selection_expression": "$request.method $request.path",
            "tags": null,
            "tags_all": {},
            "target": null,
            "version": ""
          },
          "sensitive_attributes": [],
          "private": "bnVsbA=="
        }
      ]
    },
    {
      "mode": "managed",
      "type": "aws_apigatewayv2_integration",
      "name": "apigw",
      "provider": "provider[\"registry.terraform.io/hashicorp/aws\"]",
      "instances": [
        {
          "schema_version": 0,
          "attributes": {
            "api_id": "zb5vom8voh",
            "connection_id": "",
            "connection_type": "INTERNET",
            "content_handling_strategy": "",
            "credentials_arn": "",
            "description": "",
            "id": "ysn9ajo",
            "integration_method": "POST",
            "integration_response_selection_expression": "",
            "integration_subtype": "",
            "integration_type": "AWS_PROXY",
            "integration_uri": "arn:aws:lambda:us-east-2:767925479794:function:upload-images-lambda",
            "passthrough_behavior": "",
            "payload_format_version": "2.0",
            "request_parameters": null,
            "request_templates": null,
            "response_parameters": [],
            "template_selection_expression": "",
            "timeout_milliseconds": 30000,
            "tls_config": []
          },
          "sensitive_attributes": [],
          "private": "bnVsbA==",
          "dependencies": [
            "aws_apigatewayv2_api.apigw",
            "aws_iam_role.lambda_exec_role",
            "aws_lambda_function.lambda_1",
            "data.archive_file.lambda_1",
            "data.aws_iam_policy_document.lambda_assume_role",
            "null_resource.lambda_1"
          ]
        }
      ]
    },
    {
      "mode": "managed",
      "type": "aws_apigatewayv2_route",
      "name": "apigw",
      "provider": "provider[\"registry.terraform.io/hashicorp/aws\"]",
      "instances": [
        {
          "schema_version": 0,
          "attributes": {
            "api_id": "zb5vom8voh",
            "api_key_required": false,
            "authorization_scopes": null,
            "authorization_type": "NONE",
            "authorizer_id": "",
            "id": "c94eg5g",
            "model_selection_expression": "",
            "operation_name": "",
            "request_models": null,
            "request_parameter": [],
            "route_key": "ANY /{path+}",
            "route_response_selection_expression": "",
            "target": "integrations/ysn9ajo"
          },
          "sensitive_attributes": [],
          "private": "bnVsbA==",
          "dependencies": [
            "aws_apigatewayv2_api.apigw",
            "aws_apigatewayv2_integration.apigw",
            "aws_iam_role.lambda_exec_role",
            "aws_lambda_function.lambda_1",
            "data.archive_file.lambda_1",
            "data.aws_iam_policy_document.lambda_assume_role",
            "null_resource.lambda_1"
          ]
        }
      ]
    },
    {
      "mode": "managed",
      "type": "aws_apigatewayv2_stage",
      "name": "apigw",
      "provider": "provider[\"registry.terraform.io/hashicorp/aws\"]",
      "instances": [
        {
          "schema_version": 0,
          "attributes": {
            "access_log_settings": [],
            "api_id": "zb5vom8voh",
            "arn": "arn:aws:apigateway:us-east-2::/apis/zb5vom8voh/stages/default",
            "auto_deploy": true,
            "client_certificate_id": "",
            "default_route_settings": [
              {
                "data_trace_enabled": false,
                "detailed_metrics_enabled": false,
                "logging_level": "",
                "throttling_burst_limit": 0,
                "throttling_rate_limit": 0
              }
            ],
            "deployment_id": "",
            "description": "",
            "execution_arn": "arn:aws:execute-api:us-east-2:767925479794:zb5vom8voh/default",
            "id": "default",
            "invoke_url": "https://zb5vom8voh.execute-api.us-east-2.amazonaws.com/default",
            "name": "default",
            "route_settings": [],
            "stage_variables": null,
            "tags": null,
            "tags_all": {}
          },
          "sensitive_attributes": [],
          "private": "bnVsbA==",
          "dependencies": [
            "aws_apigatewayv2_api.apigw"
          ]
        }
      ]
    },
    {
      "mode": "managed",
      "type": "aws_dynamodb_table",
      "name": "claim_details",
      "provider": "provider[\"registry.terraform.io/hashicorp/aws\"]",
      "instances": [
        {
          "schema_version": 1,
          "attributes": {
            "arn": "arn:aws:dynamodb:us-east-2:767925479794:table/claim-details",
            "attribute": [
              {
                "name": "claimID",
                "type": "S"
              }
            ],
            "billing_mode": "PAY_PER_REQUEST",
            "deletion_protection_enabled": false,
            "global_secondary_index": [],
            "hash_key": "claimID",
            "id": "claim-details",
            "import_table": [],
            "local_secondary_index": [],
            "name": "claim-details",
            "point_in_time_recovery": [
              {
                "enabled": false
              }
            ],
            "range_key": null,
            "read_capacity": 0,
            "replica": [],
            "restore_date_time": null,
            "restore_source_name": null,
            "restore_to_latest_time": null,
            "server_side_encryption": [],
            "stream_arn": "",
            "stream_enabled": false,
            "stream_label": "",
            "stream_view_type": "",
            "table_class": "STANDARD",
            "tags": null,
            "tags_all": {},
            "timeouts": null,
            "ttl": [
              {
                "attribute_name": "",
                "enabled": false
              }
            ],
            "write_capacity": 0
          },
          "sensitive_attributes": [],
          "private": "eyJlMmJmYjczMC1lY2FhLTExZTYtOGY4OC0zNDM2M2JjN2M0YzAiOnsiY3JlYXRlIjoxODAwMDAwMDAwMDAwLCJkZWxldGUiOjYwMDAwMDAwMDAwMCwidXBkYXRlIjozNjAwMDAwMDAwMDAwfSwic2NoZW1hX3ZlcnNpb24iOiIxIn0="
        }
      ]
    },
    {
      "mode": "managed",
      "type": "aws_iam_role",
      "name": "lambda_exec_role",
      "provider": "provider[\"registry.terraform.io/hashicorp/aws\"]",
      "instances": [
        {
          "schema_version": 0,
          "attributes": {
            "arn": "arn:aws:iam::767925479794:role/lambda_exec_role",
            "assume_role_policy": "{\"Statement\":[{\"Action\":\"sts:AssumeRole\",\"Effect\":\"Allow\",\"Principal\":{\"Service\":\"lambda.amazonaws.com\"}}],\"Version\":\"2012-10-17\"}",
            "create_date": "2024-01-07T12:07:00Z",
            "description": "",
            "force_detach_policies": false,
            "id": "lambda_exec_role",
            "inline_policy": [],
            "managed_policy_arns": [],
            "max_session_duration": 3600,
            "name": "lambda_exec_role",
            "name_prefix": "",
            "path": "/",
            "permissions_boundary": "",
            "tags": null,
            "tags_all": {},
            "unique_id": "AROA3FS7M5FZMNUORRPEL"
          },
          "sensitive_attributes": [],
          "private": "bnVsbA==",
          "dependencies": [
            "data.aws_iam_policy_document.lambda_assume_role"
          ]
        }
      ]
    },
    {
      "mode": "managed",
      "type": "aws_lambda_function",
      "name": "lambda_1",
      "provider": "provider[\"registry.terraform.io/hashicorp/aws\"]",
      "instances": [
        {
          "schema_version": 0,
          "attributes": {
            "architectures": [
              "x86_64"
            ],
            "arn": "arn:aws:lambda:us-east-2:767925479794:function:upload-images-lambda",
            "code_signing_config_arn": "",
            "dead_letter_config": [],
            "description": "",
            "environment": [],
            "ephemeral_storage": [
              {
                "size": 512
              }
            ],
            "file_system_config": [],
            "filename": "./.terraform/archive_files/uploadClaimToS3.zip",
            "function_name": "upload-images-lambda",
            "handler": "index.handler",
            "id": "upload-images-lambda",
            "image_config": [],
            "image_uri": "",
            "invoke_arn": "arn:aws:apigateway:us-east-2:lambda:path/2015-03-31/functions/arn:aws:lambda:us-east-2:767925479794:function:upload-images-lambda/invocations",
            "kms_key_arn": "",
            "last_modified": "2024-01-07T12:07:10.342+0000",
            "layers": null,
            "memory_size": 128,
            "package_type": "Zip",
            "publish": false,
            "qualified_arn": "arn:aws:lambda:us-east-2:767925479794:function:upload-images-lambda:$LATEST",
            "qualified_invoke_arn": "arn:aws:apigateway:us-east-2:lambda:path/2015-03-31/functions/arn:aws:lambda:us-east-2:767925479794:function:upload-images-lambda:$LATEST/invocations",
            "replace_security_groups_on_destroy": null,
            "replacement_security_group_ids": null,
            "reserved_concurrent_executions": -1,
            "role": "arn:aws:iam::767925479794:role/lambda_exec_role",
            "runtime": "nodejs18.x",
            "s3_bucket": null,
            "s3_key": null,
            "s3_object_version": null,
            "signing_job_arn": "",
            "signing_profile_version_arn": "",
            "skip_destroy": false,
            "snap_start": [],
            "source_code_hash": "WYlrlaHlymFd8XiAf7jydSfDMvZzzGNaFNGwO2+8fho=",
            "source_code_size": 1684,
            "tags": null,
            "tags_all": {},
            "timeout": 3,
            "timeouts": null,
            "tracing_config": [
              {
                "mode": "PassThrough"
              }
            ],
            "version": "$LATEST",
            "vpc_config": []
          },
          "sensitive_attributes": [],
          "private": "eyJlMmJmYjczMC1lY2FhLTExZTYtOGY4OC0zNDM2M2JjN2M0YzAiOnsiY3JlYXRlIjo2MDAwMDAwMDAwMDAsImRlbGV0ZSI6NjAwMDAwMDAwMDAwLCJ1cGRhdGUiOjYwMDAwMDAwMDAwMH19",
          "dependencies": [
            "aws_iam_role.lambda_exec_role",
            "data.archive_file.lambda_1",
            "data.aws_iam_policy_document.lambda_assume_role",
            "null_resource.lambda_1"
          ]
        }
      ]
    },
    {
      "mode": "managed",
      "type": "aws_lambda_function",
      "name": "lambda_2",
      "provider": "provider[\"registry.terraform.io/hashicorp/aws\"]",
      "instances": [
        {
          "schema_version": 0,
          "attributes": {
            "architectures": [
              "x86_64"
            ],
            "arn": "arn:aws:lambda:us-east-2:767925479794:function:ProcessClaims",
            "code_signing_config_arn": "",
            "dead_letter_config": [],
            "description": "",
            "environment": [],
            "ephemeral_storage": [
              {
                "size": 512
              }
            ],
            "file_system_config": [],
            "filename": "./.terraform/archive_files/ProcessClaims.zip",
            "function_name": "ProcessClaims",
            "handler": "app.lambda_handler",
            "id": "ProcessClaims",
            "image_config": [],
            "image_uri": "",
            "invoke_arn": "arn:aws:apigateway:us-east-2:lambda:path/2015-03-31/functions/arn:aws:lambda:us-east-2:767925479794:function:ProcessClaims/invocations",
            "kms_key_arn": "",
            "last_modified": "2024-01-07T12:07:15.851+0000",
            "layers": null,
            "memory_size": 128,
            "package_type": "Zip",
            "publish": false,
            "qualified_arn": "arn:aws:lambda:us-east-2:767925479794:function:ProcessClaims:$LATEST",
            "qualified_invoke_arn": "arn:aws:apigateway:us-east-2:lambda:path/2015-03-31/functions/arn:aws:lambda:us-east-2:767925479794:function:ProcessClaims:$LATEST/invocations",
            "replace_security_groups_on_destroy": null,
            "replacement_security_group_ids": null,
            "reserved_concurrent_executions": -1,
            "role": "arn:aws:iam::767925479794:role/lambda_exec_role",
            "runtime": "python3.10",
            "s3_bucket": null,
            "s3_key": null,
            "s3_object_version": null,
            "signing_job_arn": "",
            "signing_profile_version_arn": "",
            "skip_destroy": false,
            "snap_start": [],
            "source_code_hash": "iw/cAkzYKS4QpDomgxBRYztUz3Uaixd0cM46XvVopYI=",
            "source_code_size": 1044,
            "tags": null,
            "tags_all": {},
            "timeout": 3,
            "timeouts": null,
            "tracing_config": [
              {
                "mode": "PassThrough"
              }
            ],
            "version": "$LATEST",
            "vpc_config": []
          },
          "sensitive_attributes": [],
          "private": "eyJlMmJmYjczMC1lY2FhLTExZTYtOGY4OC0zNDM2M2JjN2M0YzAiOnsiY3JlYXRlIjo2MDAwMDAwMDAwMDAsImRlbGV0ZSI6NjAwMDAwMDAwMDAwLCJ1cGRhdGUiOjYwMDAwMDAwMDAwMH19",
          "dependencies": [
            "aws_iam_role.lambda_exec_role",
            "data.archive_file.lambda_2",
            "data.aws_iam_policy_document.lambda_assume_role",
            "null_resource.lambda_2"
          ]
        }
      ]
    },
    {
      "mode": "managed",
      "type": "aws_s3_bucket",
      "name": "claims_bucket",
      "provider": "provider[\"registry.terraform.io/hashicorp/aws\"]",
      "instances": [
        {
          "schema_version": 0,
          "attributes": {
            "acceleration_status": "",
            "acl": null,
            "arn": "arn:aws:s3:::claims-app-bucket-cloudadvocate",
            "bucket": "claims-app-bucket-cloudadvocate",
            "bucket_domain_name": "claims-app-bucket-cloudadvocate.s3.amazonaws.com",
            "bucket_prefix": "",
            "bucket_regional_domain_name": "claims-app-bucket-cloudadvocate.s3.us-east-2.amazonaws.com",
            "cors_rule": [],
            "force_destroy": false,
            "grant": [
              {
                "id": "9e5b57fbcb531088ffd7232d8a38dd7c2c37f0c0bab411acedbbcc7c8f73e56e",
                "permissions": [
                  "FULL_CONTROL"
                ],
                "type": "CanonicalUser",
                "uri": ""
              }
            ],
            "hosted_zone_id": "Z2O1EMRO9K5GLX",
            "id": "claims-app-bucket-cloudadvocate",
            "lifecycle_rule": [],
            "logging": [],
            "object_lock_configuration": [],
            "object_lock_enabled": false,
            "policy": "",
            "region": "us-east-2",
            "replication_configuration": [],
            "request_payer": "BucketOwner",
            "server_side_encryption_configuration": [
              {
                "rule": [
                  {
                    "apply_server_side_encryption_by_default": [
                      {
                        "kms_master_key_id": "",
                        "sse_algorithm": "AES256"
                      }
                    ],
                    "bucket_key_enabled": false
                  }
                ]
              }
            ],
            "tags": null,
            "tags_all": {},
            "timeouts": null,
            "versioning": [
              {
                "enabled": false,
                "mfa_delete": false
              }
            ],
            "website": [],
            "website_domain": null,
            "website_endpoint": null
          },
          "sensitive_attributes": [],
          "private": "eyJlMmJmYjczMC1lY2FhLTExZTYtOGY4OC0zNDM2M2JjN2M0YzAiOnsiY3JlYXRlIjoxMjAwMDAwMDAwMDAwLCJkZWxldGUiOjM2MDAwMDAwMDAwMDAsInJlYWQiOjEyMDAwMDAwMDAwMDAsInVwZGF0ZSI6MTIwMDAwMDAwMDAwMH19"
        }
      ]
    },
    {
      "mode": "managed",
      "type": "aws_s3_bucket_acl",
      "name": "claims_bucket",
      "provider": "provider[\"registry.terraform.io/hashicorp/aws\"]",
      "instances": [
        {
          "schema_version": 0,
          "attributes": {
            "access_control_policy": [
              {
                "grant": [
                  {
                    "grantee": [
                      {
                        "display_name": "",
                        "email_address": "",
                        "id": "",
                        "type": "Group",
                        "uri": "http://acs.amazonaws.com/groups/global/AllUsers"
                      }
                    ],
                    "permission": "READ"
                  },
                  {
                    "grantee": [
                      {
                        "display_name": "",
                        "email_address": "",
                        "id": "9e5b57fbcb531088ffd7232d8a38dd7c2c37f0c0bab411acedbbcc7c8f73e56e",
                        "type": "CanonicalUser",
                        "uri": ""
                      }
                    ],
                    "permission": "FULL_CONTROL"
                  }
                ],
                "owner": [
                  {
                    "display_name": "",
                    "id": "9e5b57fbcb531088ffd7232d8a38dd7c2c37f0c0bab411acedbbcc7c8f73e56e"
                  }
                ]
              }
            ],
            "acl": "public-read",
            "bucket": "claims-app-bucket-cloudadvocate",
            "expected_bucket_owner": "",
            "id": "claims-app-bucket-cloudadvocate,public-read"
          },
          "sensitive_attributes": [],
          "private": "bnVsbA==",
          "dependencies": [
            "aws_s3_bucket.claims_bucket",
            "aws_s3_bucket_ownership_controls.claims_bucket",
            "aws_s3_bucket_public_access_block.claims_bucket"
          ]
        }
      ]
    },
    {
      "mode": "managed",
      "type": "aws_s3_bucket_notification",
      "name": "notify_image_upload",
      "provider": "provider[\"registry.terraform.io/hashicorp/aws\"]",
      "instances": [
        {
          "schema_version": 0,
          "attributes": {
            "bucket": "claims-app-bucket-cloudadvocate",
            "eventbridge": false,
            "id": "claims-app-bucket-cloudadvocate",
            "lambda_function": [],
            "queue": [],
            "topic": [
              {
                "events": [
                  "s3:ObjectCreated:*"
                ],
                "filter_prefix": "",
                "filter_suffix": "",
                "id": "tf-s3-topic-20240107120702193800000001",
                "topic_arn": "arn:aws:sns:us-east-2:767925479794:s3-event-notification-topic"
              }
            ]
          },
          "sensitive_attributes": [],
          "private": "bnVsbA==",
          "dependencies": [
            "aws_s3_bucket.claims_bucket",
            "aws_sns_topic.notify_image_upload",
            "data.aws_iam_policy_document.notify_image_upload"
          ]
        }
      ]
    },
    {
      "mode": "managed",
      "type": "aws_s3_bucket_ownership_controls",
      "name": "claims_bucket",
      "provider": "provider[\"registry.terraform.io/hashicorp/aws\"]",
      "instances": [
        {
          "schema_version": 0,
          "attributes": {
            "bucket": "claims-app-bucket-cloudadvocate",
            "id": "claims-app-bucket-cloudadvocate",
            "rule": [
              {
                "object_ownership": "BucketOwnerPreferred"
              }
            ]
          },
          "sensitive_attributes": [],
          "private": "bnVsbA==",
          "dependencies": [
            "aws_s3_bucket.claims_bucket"
          ]
        }
      ]
    },
    {
      "mode": "managed",
      "type": "aws_s3_bucket_policy",
      "name": "claims_bucket",
      "provider": "provider[\"registry.terraform.io/hashicorp/aws\"]",
      "instances": [
        {
          "schema_version": 0,
          "attributes": {
            "bucket": "claims-app-bucket-cloudadvocate",
            "id": "claims-app-bucket-cloudadvocate",
            "policy": "{\"Statement\":[{\"Action\":\"s3:GetObject\",\"Effect\":\"Allow\",\"Principal\":\"*\",\"Resource\":[\"arn:aws:s3:::claims-app-bucket-cloudadvocate\",\"arn:aws:s3:::claims-app-bucket-cloudadvocate/*\"],\"Sid\":\"PublicReadGetObject\"}],\"Version\":\"2012-10-17\"}"
          },
          "sensitive_attributes": [],
          "private": "bnVsbA==",
          "dependencies": [
            "aws_s3_bucket.claims_bucket",
            "aws_s3_bucket_public_access_block.claims_bucket"
          ]
        }
      ]
    },
    {
      "mode": "managed",
      "type": "aws_s3_bucket_public_access_block",
      "name": "claims_bucket",
      "provider": "provider[\"registry.terraform.io/hashicorp/aws\"]",
      "instances": [
        {
          "schema_version": 0,
          "attributes": {
            "block_public_acls": false,
            "block_public_policy": false,
            "bucket": "claims-app-bucket-cloudadvocate",
            "id": "claims-app-bucket-cloudadvocate",
            "ignore_public_acls": false,
            "restrict_public_buckets": false
          },
          "sensitive_attributes": [],
          "private": "bnVsbA==",
          "dependencies": [
            "aws_s3_bucket.claims_bucket"
          ]
        }
      ]
    },
    {
      "mode": "managed",
      "type": "aws_s3_bucket_website_configuration",
      "name": "claims_bucket",
      "provider": "provider[\"registry.terraform.io/hashicorp/aws\"]",
      "instances": [
        {
          "schema_version": 0,
          "attributes": {
            "bucket": "claims-app-bucket-cloudadvocate",
            "error_document": [
              {
                "key": "error.html"
              }
            ],
            "expected_bucket_owner": "",
            "id": "claims-app-bucket-cloudadvocate",
            "index_document": [
              {
                "suffix": "index.html"
              }
            ],
            "redirect_all_requests_to": [],
            "routing_rule": [],
            "routing_rules": "",
            "website_domain": "s3-website.us-east-2.amazonaws.com",
            "website_endpoint": "claims-app-bucket-cloudadvocate.s3-website.us-east-2.amazonaws.com"
          },
          "sensitive_attributes": [],
          "private": "bnVsbA==",
          "dependencies": [
            "aws_s3_bucket.claims_bucket"
          ]
        }
      ]
    },
    {
      "mode": "managed",
      "type": "aws_sns_topic",
      "name": "notify_image_upload",
      "provider": "provider[\"registry.terraform.io/hashicorp/aws\"]",
      "instances": [
        {
          "schema_version": 0,
          "attributes": {
            "application_failure_feedback_role_arn": "",
            "application_success_feedback_role_arn": "",
            "application_success_feedback_sample_rate": 0,
            "archive_policy": "",
            "arn": "arn:aws:sns:us-east-2:767925479794:s3-event-notification-topic",
            "beginning_archive_time": "",
            "content_based_deduplication": false,
            "delivery_policy": "",
            "display_name": "",
            "fifo_topic": false,
            "firehose_failure_feedback_role_arn": "",
            "firehose_success_feedback_role_arn": "",
            "firehose_success_feedback_sample_rate": 0,
            "http_failure_feedback_role_arn": "",
            "http_success_feedback_role_arn": "",
            "http_success_feedback_sample_rate": 0,
            "id": "arn:aws:sns:us-east-2:767925479794:s3-event-notification-topic",
            "kms_master_key_id": "",
            "lambda_failure_feedback_role_arn": "",
            "lambda_success_feedback_role_arn": "",
            "lambda_success_feedback_sample_rate": 0,
            "name": "s3-event-notification-topic",
            "name_prefix": "",
            "owner": "767925479794",
            "policy": "{\"Statement\":[{\"Action\":\"SNS:Publish\",\"Condition\":{\"ArnLike\":{\"aws:SourceArn\":\"arn:aws:s3:::claims-app-bucket-cloudadvocate\"}},\"Effect\":\"Allow\",\"Principal\":{\"Service\":\"s3.amazonaws.com\"},\"Resource\":\"arn:aws:sns:*:*:s3-event-notification-topic\"},{\"Action\":\"sns:Subscribe\",\"Condition\":{\"ArnEquals\":{\"aws:SourceArn\":\"arn:aws:sqs:us-east-2:767925479794:*\"}},\"Effect\":\"Allow\",\"Principal\":{\"Service\":\"sqs.amazonaws.com\"},\"Resource\":\"arn:aws:sns:*:*:s3-event-notification-topic\",\"Sid\":\"sqs_statement\"}],\"Version\":\"2012-10-17\"}",
            "signature_version": 0,
            "sqs_failure_feedback_role_arn": "",
            "sqs_success_feedback_role_arn": "",
            "sqs_success_feedback_sample_rate": 0,
            "tags": null,
            "tags_all": {},
            "tracing_config": ""
          },
          "sensitive_attributes": [],
          "private": "bnVsbA==",
          "dependencies": [
            "aws_s3_bucket.claims_bucket",
            "data.aws_iam_policy_document.notify_image_upload"
          ]
        }
      ]
    },
    {
      "mode": "managed",
      "type": "aws_sns_topic_subscription",
      "name": "sqs_subscription",
      "provider": "provider[\"registry.terraform.io/hashicorp/aws\"]",
      "instances": [
        {
          "schema_version": 0,
          "attributes": {
            "arn": "arn:aws:sns:us-east-2:767925479794:s3-event-notification-topic:45b45adc-5bf3-4d1a-afb5-64cef0611d92",
            "confirmation_timeout_in_minutes": 1,
            "confirmation_was_authenticated": true,
            "delivery_policy": "",
            "endpoint": "arn:aws:sqs:us-east-2:767925479794:Process-Claims",
            "endpoint_auto_confirms": false,
            "filter_policy": "",
            "filter_policy_scope": "",
            "id": "arn:aws:sns:us-east-2:767925479794:s3-event-notification-topic:45b45adc-5bf3-4d1a-afb5-64cef0611d92",
            "owner_id": "767925479794",
            "pending_confirmation": false,
            "protocol": "sqs",
            "raw_message_delivery": true,
            "redrive_policy": "",
            "replay_policy": "",
            "subscription_role_arn": "",
            "topic_arn": "arn:aws:sns:us-east-2:767925479794:s3-event-notification-topic"
          },
          "sensitive_attributes": [],
          "private": "bnVsbA==",
          "dependencies": [
            "aws_s3_bucket.claims_bucket",
            "aws_sns_topic.notify_image_upload",
            "aws_sqs_queue.Process-Claims-Queue",
            "data.aws_iam_policy_document.notify_image_upload"
          ]
        }
      ]
    },
    {
      "mode": "managed",
      "type": "aws_sqs_queue",
      "name": "Process-Claims-Queue",
      "provider": "provider[\"registry.terraform.io/hashicorp/aws\"]",
      "instances": [
        {
          "schema_version": 0,
          "attributes": {
            "arn": "arn:aws:sqs:us-east-2:767925479794:Process-Claims",
            "content_based_deduplication": false,
            "deduplication_scope": "",
            "delay_seconds": 90,
            "fifo_queue": false,
            "fifo_throughput_limit": "",
            "id": "https://sqs.us-east-2.amazonaws.com/767925479794/Process-Claims",
            "kms_data_key_reuse_period_seconds": 300,
            "kms_master_key_id": "",
            "max_message_size": 2048,
            "message_retention_seconds": 86400,
            "name": "Process-Claims",
            "name_prefix": "",
            "policy": "",
            "receive_wait_time_seconds": 10,
            "redrive_allow_policy": "",
            "redrive_policy": "",
            "sqs_managed_sse_enabled": true,
            "tags": {
              "Environment": "production"
            },
            "tags_all": {
              "Environment": "production"
            },
            "url": "https://sqs.us-east-2.amazonaws.com/767925479794/Process-Claims",
            "visibility_timeout_seconds": 30
          },
          "sensitive_attributes": [],
          "private": "bnVsbA=="
        }
      ]
    },
    {
      "mode": "managed",
      "type": "aws_sqs_queue_policy",
      "name": "orders_to_process_subscription",
      "provider": "provider[\"registry.terraform.io/hashicorp/aws\"]",
      "instances": [
        {
          "schema_version": 1,
          "attributes": {
            "id": "https://sqs.us-east-2.amazonaws.com/767925479794/Process-Claims",
            "policy": "{\"Statement\":[{\"Action\":[\"sqs:SendMessage\"],\"Condition\":{\"ArnEquals\":{\"aws:SourceArn\":\"arn:aws:sns:us-east-2:767925479794:s3-event-notification-topic\"}},\"Effect\":\"Allow\",\"Principal\":{\"Service\":\"sns.amazonaws.com\"},\"Resource\":[\"arn:aws:sqs:us-east-2:767925479794:Process-Claims\"]},{\"Action\":[\"sqs:SendMessage\",\"sqs:ReceiveMessage\"],\"Condition\":{\"ArnEquals\":{\"aws:SourceArn\":\"arn:aws:lambda:us-east-2:767925479794:function:ProcessClaims\"}},\"Effect\":\"Allow\",\"Principal\":{\"Service\":\"lambda.amazonaws.com\"},\"Resource\":[\"arn:aws:sqs:us-east-2:767925479794:Process-Claims\"]}],\"Version\":\"2012-10-17\"}",
            "queue_url": "https://sqs.us-east-2.amazonaws.com/767925479794/Process-Claims"
          },
          "sensitive_attributes": [],
          "private": "eyJzY2hlbWFfdmVyc2lvbiI6IjEifQ==",
          "dependencies": [
            "aws_iam_role.lambda_exec_role",
            "aws_lambda_function.lambda_2",
            "aws_s3_bucket.claims_bucket",
            "aws_sns_topic.notify_image_upload",
            "aws_sqs_queue.Process-Claims-Queue",
            "data.archive_file.lambda_2",
            "data.aws_iam_policy_document.lambda_assume_role",
            "data.aws_iam_policy_document.notify_image_upload",
            "null_resource.lambda_2"
          ]
        }
      ]
    },
    {
      "mode": "managed",
      "type": "null_resource",
      "name": "lambda_1",
      "provider": "provider[\"registry.terraform.io/hashicorp/null\"]",
      "instances": [
        {
          "schema_version": 0,
          "attributes": {
            "id": "8361252148669235165",
            "triggers": {
              "updated_at": "2024-01-07T12:06:59Z"
            }
          },
          "sensitive_attributes": []
        }
      ]
    },
    {
      "mode": "managed",
      "type": "null_resource",
      "name": "lambda_2",
      "provider": "provider[\"registry.terraform.io/hashicorp/null\"]",
      "instances": [
        {
          "schema_version": 0,
          "attributes": {
            "id": "4103109959340647111",
            "triggers": {
              "updated_at": "2024-01-07T12:06:59Z"
            }
          },
          "sensitive_attributes": []
        }
      ]
    }
  ],
  "check_results": null
}
