{"format_version":"1.2","terraform_version":"1.6.6","variables":{"ami-id":{"value":"ami-05803413c51f242b7"},"aws-region":{"value":"us-east-2"},"environment":{"value":"dev"},"google-region":{"value":"us-central1"},"instance-type":{"value":"t3.micro"}},"planned_values":{"outputs":{"instance_ids":{"sensitive":false,"type":"string","value":"i-06ca2bb35bcc6c91a"},"vpc_id":{"sensitive":false,"type":"string","value":"vpc-089798690beb89563"}},"root_module":{"resources":[{"address":"aws_instance.webapp","mode":"managed","type":"aws_instance","name":"webapp","provider_name":"registry.terraform.io/hashicorp/aws","schema_version":1,"values":{"ami":"ami-05803413c51f242b7","arn":"arn:aws:ec2:us-east-2:767925479794:instance/i-06ca2bb35bcc6c91a","associate_public_ip_address":false,"availability_zone":"us-east-2a","capacity_reservation_specification":[{"capacity_reservation_preference":"open","capacity_reservation_target":[]}],"cpu_core_count":1,"cpu_options":[{"amd_sev_snp":"","core_count":1,"threads_per_core":2}],"cpu_threads_per_core":2,"credit_specification":[{"cpu_credits":"unlimited"}],"disable_api_stop":false,"disable_api_termination":false,"ebs_block_device":[],"ebs_optimized":false,"enclave_options":[{"enabled":false}],"ephemeral_block_device":[],"get_password_data":false,"hibernation":false,"host_id":"","host_resource_group_arn":null,"iam_instance_profile":"","id":"i-06ca2bb35bcc6c91a","instance_initiated_shutdown_behavior":"stop","instance_lifecycle":"","instance_market_options":[],"instance_state":"running","instance_type":"t3.micro","ipv6_address_count":0,"ipv6_addresses":[],"key_name":"initech-webapp-dev-key","launch_template":[],"maintenance_options":[{"auto_recovery":"default"}],"metadata_options":[{"http_endpoint":"enabled","http_protocol_ipv6":"disabled","http_put_response_hop_limit":1,"http_tokens":"optional","instance_metadata_tags":"disabled"}],"monitoring":false,"network_interface":[],"outpost_arn":"","password_data":"","placement_group":"","placement_partition_number":0,"primary_network_interface_id":"eni-0271f097588e222ee","private_dns":"ip-10-0-1-57.us-east-2.compute.internal","private_dns_name_options":[{"enable_resource_name_dns_a_record":false,"enable_resource_name_dns_aaaa_record":false,"hostname_type":"ip-name"}],"private_ip":"10.0.1.57","public_dns":"","public_ip":"","root_block_device":[{"delete_on_termination":true,"device_name":"/dev/sda1","encrypted":false,"iops":100,"kms_key_id":"","tags":{},"throughput":0,"volume_id":"vol-06bd934abbd15d432","volume_size":8,"volume_type":"gp2"}],"secondary_private_ips":[],"security_groups":[],"source_dest_check":true,"spot_instance_request_id":"","subnet_id":"subnet-0846a595a0f1e011b","tags":{"Name":"initech-webapp-dev-ec2"},"tags_all":{"Name":"initech-webapp-dev-ec2"},"tenancy":"default","timeouts":null,"user_data":"c2d298662a4e8c70b1ebd8ffd37d0fd3fcbfe182","user_data_base64":null,"user_data_replace_on_change":false,"volume_tags":null,"vpc_security_group_ids":["sg-06a0c357ae6fac76d"]},"sensitive_values":{"capacity_reservation_specification":[{"capacity_reservation_target":[]}],"cpu_options":[{}],"credit_specification":[{}],"ebs_block_device":[],"enclave_options":[{}],"ephemeral_block_device":[],"instance_market_options":[],"ipv6_addresses":[],"launch_template":[],"maintenance_options":[{}],"metadata_options":[{}],"network_interface":[],"private_dns_name_options":[{}],"root_block_device":[{"tags":{}}],"secondary_private_ips":[],"security_groups":[],"tags":{},"tags_all":{},"vpc_security_group_ids":[false]}},{"address":"aws_key_pair.webapp-keypair","mode":"managed","type":"aws_key_pair","name":"webapp-keypair","provider_name":"registry.terraform.io/hashicorp/aws","schema_version":1,"values":{"arn":"arn:aws:ec2:us-east-2:767925479794:key-pair/initech-webapp-dev-key","fingerprint":"cb:ca:db:80:30:1d:73:70:ff:bf:02:35:f5:c3:0d:f0","id":"initech-webapp-dev-key","key_name":"initech-webapp-dev-key","key_name_prefix":"","key_pair_id":"key-0e74800a37034c3fc","key_type":"rsa","public_key":"ssh-rsa AAAAB3NzaC1yc2EAAAADAQABAAABgQDTMW0UlgObFvOMx793o3mliM8ePOpla0DuTYzD5Guh2CLRlsaRgIjzEUUaekes2DxU50+qi35QBEgu8km2At2DX4CkSGBZTO2t4GQ0FK1TkkZBLoE3XQvmwSl847buMQ4vBqkf6owJlZ/DMJ8z/tIefpR5uFuTTMGV2vtDYZfMhy6nJuO04OHLbroaTHGwgLr+K7A/xmVAOiiOU/QxJabCcrQT2NRks9uIVgF5XrOLFh9p5WfbROHC9YY5hrr6mrx/Hxg7Z8X7KZcNDPjm9M8bYnor4iw+X+dD+g+VFC7H6VEfo6Og3SgHCJkacba8X7ovhYoqBO1arLdBKVYOvIrvcomBEGfX2MjgaED+eoLHBpg2i8lSviD3iF4J9mcKfAF3hofigSbPKmdBG24HS7NPNQPJW2swUTJCG/0VOJv1ko+EU26ZDEv8smp/19a+GRTAw0f/K0qmQjnQxK2+Ptm56GhZ/Qk53dl3OA5VzNl/WzvCNXmY8adb21xkW+53GNM= reddyin@Indras-Air.attlocal.net","tags":{},"tags_all":{}},"sensitive_values":{"tags":{},"tags_all":{}}},{"address":"aws_network_interface.dev_web_network_interface","mode":"managed","type":"aws_network_interface","name":"dev_web_network_interface","provider_name":"registry.terraform.io/hashicorp/aws","schema_version":0,"values":{"arn":"arn:aws:ec2:us-east-2:767925479794:network-interface/eni-0e679576e6ce652b6","attachment":[{"device_index":1,"instance":"i-06ca2bb35bcc6c91a"}],"description":"","id":"eni-0e679576e6ce652b6","interface_type":"interface","ipv4_prefix_count":0,"ipv4_prefixes":[],"ipv6_address_count":0,"ipv6_address_list":[],"ipv6_address_list_enabled":false,"ipv6_addresses":[],"ipv6_prefix_count":0,"ipv6_prefixes":[],"mac_address":"02:32:28:3a:43:e9","outpost_arn":"","owner_id":"767925479794","private_dns_name":"ip-10-0-1-66.us-east-2.compute.internal","private_ip":"10.0.1.66","private_ip_list":["10.0.1.66"],"private_ip_list_enabled":false,"private_ips":["10.0.1.66"],"private_ips_count":0,"security_groups":["sg-06a0c357ae6fac76d"],"source_dest_check":true,"subnet_id":"subnet-0846a595a0f1e011b","tags":{"Name":"initech-webapp-dev-eni"},"tags_all":{"Name":"initech-webapp-dev-eni"}},"sensitive_values":{"attachment":[{}],"ipv4_prefixes":[],"ipv6_address_list":[],"ipv6_addresses":[],"ipv6_prefixes":[],"private_ip_list":[false],"private_ips":[false],"security_groups":[false],"tags":{},"tags_all":{}}},{"address":"aws_security_group.dev_web_sg","mode":"managed","type":"aws_security_group","name":"dev_web_sg","provider_name":"registry.terraform.io/hashicorp/aws","schema_version":1,"values":{"arn":"arn:aws:ec2:us-east-2:767925479794:security-group/sg-06a0c357ae6fac76d","description":"Security group for initech web app development","egress":[],"id":"sg-06a0c357ae6fac76d","ingress":[],"name":"dev-web-sg","name_prefix":"","owner_id":"767925479794","revoke_rules_on_delete":false,"tags":{"Environment":"dev","Name":"initech-webapp-dev-sg"},"tags_all":{"Environment":"dev","Name":"initech-webapp-dev-sg"},"timeouts":null,"vpc_id":"vpc-089798690beb89563"},"sensitive_values":{"egress":[],"ingress":[],"tags":{},"tags_all":{}}},{"address":"aws_security_group_rule.dev_allow_http","mode":"managed","type":"aws_security_group_rule","name":"dev_allow_http","provider_name":"registry.terraform.io/hashicorp/aws","schema_version":2,"values":{"cidr_blocks":["0.0.0.0/0"],"description":null,"from_port":8080,"ipv6_cidr_blocks":null,"prefix_list_ids":null,"protocol":"tcp","security_group_id":"sg-06a0c357ae6fac76d","self":false,"timeouts":null,"to_port":8080,"type":"ingress"},"sensitive_values":{"cidr_blocks":[false]}},{"address":"aws_security_group_rule.dev_allow_ssh","mode":"managed","type":"aws_security_group_rule","name":"dev_allow_ssh","provider_name":"registry.terraform.io/hashicorp/aws","schema_version":2,"values":{"cidr_blocks":["0.0.0.0/0"],"description":null,"from_port":22,"ipv6_cidr_blocks":null,"prefix_list_ids":null,"protocol":"tcp","security_group_id":"sg-06a0c357ae6fac76d","self":false,"timeouts":null,"to_port":22,"type":"ingress"},"sensitive_values":{"cidr_blocks":[false]}},{"address":"aws_subnet.dev_subnet","mode":"managed","type":"aws_subnet","name":"dev_subnet","provider_name":"registry.terraform.io/hashicorp/aws","schema_version":1,"values":{"arn":"arn:aws:ec2:us-east-2:767925479794:subnet/subnet-0846a595a0f1e011b","assign_ipv6_address_on_creation":false,"availability_zone":"us-east-2a","availability_zone_id":"use2-az1","cidr_block":"10.0.1.0/24","customer_owned_ipv4_pool":"","enable_dns64":false,"enable_lni_at_device_index":0,"enable_resource_name_dns_a_record_on_launch":false,"enable_resource_name_dns_aaaa_record_on_launch":false,"id":"subnet-0846a595a0f1e011b","ipv6_cidr_block":"","ipv6_cidr_block_association_id":"","ipv6_native":false,"map_customer_owned_ip_on_launch":false,"map_public_ip_on_launch":false,"outpost_arn":"","owner_id":"767925479794","private_dns_hostname_type_on_launch":"ip-name","tags":{},"tags_all":{},"timeouts":null,"vpc_id":"vpc-089798690beb89563"},"sensitive_values":{"tags":{},"tags_all":{}}},{"address":"aws_vpc.dev_vpc","mode":"managed","type":"aws_vpc","name":"dev_vpc","provider_name":"registry.terraform.io/hashicorp/aws","schema_version":1,"values":{"arn":"arn:aws:ec2:us-east-2:767925479794:vpc/vpc-089798690beb89563","assign_generated_ipv6_cidr_block":false,"cidr_block":"10.0.0.0/16","default_network_acl_id":"acl-00a06638919d14251","default_route_table_id":"rtb-019a4d54156e55637","default_security_group_id":"sg-05466c5a2a77302bd","dhcp_options_id":"dopt-0194d0820febc629d","enable_dns_hostnames":true,"enable_dns_support":true,"enable_network_address_usage_metrics":false,"id":"vpc-089798690beb89563","instance_tenancy":"default","ipv4_ipam_pool_id":null,"ipv4_netmask_length":null,"ipv6_association_id":"","ipv6_cidr_block":"","ipv6_cidr_block_network_border_group":"","ipv6_ipam_pool_id":"","ipv6_netmask_length":0,"main_route_table_id":"rtb-019a4d54156e55637","owner_id":"767925479794","tags":{},"tags_all":{}},"sensitive_values":{"tags":{},"tags_all":{}}}]}},"resource_drift":[{"address":"aws_network_interface.dev_web_network_interface","mode":"managed","type":"aws_network_interface","name":"dev_web_network_interface","provider_name":"registry.terraform.io/hashicorp/aws","change":{"actions":["update"],"before":{"arn":"arn:aws:ec2:us-east-2:767925479794:network-interface/eni-0e679576e6ce652b6","attachment":[{"attachment_id":"eni-attach-0317cb6c7731bb9b3","device_index":1,"instance":"i-06ca2bb35bcc6c91a"}],"description":"","id":"eni-0e679576e6ce652b6","interface_type":"interface","ipv4_prefix_count":0,"ipv4_prefixes":[],"ipv6_address_count":0,"ipv6_address_list":[],"ipv6_address_list_enabled":false,"ipv6_addresses":[],"ipv6_prefix_count":0,"ipv6_prefixes":[],"mac_address":"02:32:28:3a:43:e9","outpost_arn":"","owner_id":"767925479794","private_dns_name":"ip-10-0-1-66.us-east-2.compute.internal","private_ip":"10.0.1.66","private_ip_list":["10.0.1.66"],"private_ip_list_enabled":false,"private_ips":["10.0.1.66"],"private_ips_count":0,"security_groups":["sg-06a0c357ae6fac76d"],"source_dest_check":true,"subnet_id":"subnet-0846a595a0f1e011b","tags":{"Name":"initech-webapp-dev-eni"},"tags_all":{"Name":"initech-webapp-dev-eni"}},"after":{"arn":"arn:aws:ec2:us-east-2:767925479794:network-interface/eni-0e679576e6ce652b6","attachment":[],"description":"","id":"eni-0e679576e6ce652b6","interface_type":"interface","ipv4_prefix_count":0,"ipv4_prefixes":[],"ipv6_address_count":0,"ipv6_address_list":[],"ipv6_address_list_enabled":false,"ipv6_addresses":[],"ipv6_prefix_count":0,"ipv6_prefixes":[],"mac_address":"02:32:28:3a:43:e9","outpost_arn":"","owner_id":"767925479794","private_dns_name":"ip-10-0-1-66.us-east-2.compute.internal","private_ip":"10.0.1.66","private_ip_list":["10.0.1.66"],"private_ip_list_enabled":false,"private_ips":["10.0.1.66"],"private_ips_count":0,"security_groups":["sg-06a0c357ae6fac76d"],"source_dest_check":true,"subnet_id":"subnet-0846a595a0f1e011b","tags":{"Name":"initech-webapp-dev-eni"},"tags_all":{"Name":"initech-webapp-dev-eni"}},"after_unknown":{},"before_sensitive":{"attachment":[{}],"ipv4_prefixes":[],"ipv6_address_list":[],"ipv6_addresses":[],"ipv6_prefixes":[],"private_ip_list":[false],"private_ips":[false],"security_groups":[false],"tags":{},"tags_all":{}},"after_sensitive":{"attachment":[],"ipv4_prefixes":[],"ipv6_address_list":[],"ipv6_addresses":[],"ipv6_prefixes":[],"private_ip_list":[false],"private_ips":[false],"security_groups":[false],"tags":{},"tags_all":{}}}},{"address":"aws_security_group.dev_web_sg","mode":"managed","type":"aws_security_group","name":"dev_web_sg","provider_name":"registry.terraform.io/hashicorp/aws","change":{"actions":["update"],"before":{"arn":"arn:aws:ec2:us-east-2:767925479794:security-group/sg-06a0c357ae6fac76d","description":"Security group for initech web app development","egress":[],"id":"sg-06a0c357ae6fac76d","ingress":[{"cidr_blocks":["0.0.0.0/0"],"description":"","from_port":22,"ipv6_cidr_blocks":[],"prefix_list_ids":[],"protocol":"tcp","security_groups":[],"self":false,"to_port":22},{"cidr_blocks":["0.0.0.0/0"],"description":"","from_port":8080,"ipv6_cidr_blocks":[],"prefix_list_ids":[],"protocol":"tcp","security_groups":[],"self":false,"to_port":8080}],"name":"dev-web-sg","name_prefix":"","owner_id":"767925479794","revoke_rules_on_delete":false,"tags":{"Environment":"dev","Name":"initech-webapp-dev-sg"},"tags_all":{"Environment":"dev","Name":"initech-webapp-dev-sg"},"timeouts":null,"vpc_id":"vpc-089798690beb89563"},"after":{"arn":"arn:aws:ec2:us-east-2:767925479794:security-group/sg-06a0c357ae6fac76d","description":"Security group for initech web app development","egress":[],"id":"sg-06a0c357ae6fac76d","ingress":[],"name":"dev-web-sg","name_prefix":"","owner_id":"767925479794","revoke_rules_on_delete":false,"tags":{"Environment":"dev","Name":"initech-webapp-dev-sg"},"tags_all":{"Environment":"dev","Name":"initech-webapp-dev-sg"},"timeouts":null,"vpc_id":"vpc-089798690beb89563"},"after_unknown":{},"before_sensitive":{"egress":[],"ingress":[{"cidr_blocks":[false],"ipv6_cidr_blocks":[],"prefix_list_ids":[],"security_groups":[]},{"cidr_blocks":[false],"ipv6_cidr_blocks":[],"prefix_list_ids":[],"security_groups":[]}],"tags":{},"tags_all":{}},"after_sensitive":{"egress":[],"ingress":[],"tags":{},"tags_all":{}}}}],"resource_changes":[{"address":"aws_instance.webapp","mode":"managed","type":"aws_instance","name":"webapp","provider_name":"registry.terraform.io/hashicorp/aws","change":{"actions":["no-op"],"before":{"ami":"ami-05803413c51f242b7","arn":"arn:aws:ec2:us-east-2:767925479794:instance/i-06ca2bb35bcc6c91a","associate_public_ip_address":false,"availability_zone":"us-east-2a","capacity_reservation_specification":[{"capacity_reservation_preference":"open","capacity_reservation_target":[]}],"cpu_core_count":1,"cpu_options":[{"amd_sev_snp":"","core_count":1,"threads_per_core":2}],"cpu_threads_per_core":2,"credit_specification":[{"cpu_credits":"unlimited"}],"disable_api_stop":false,"disable_api_termination":false,"ebs_block_device":[],"ebs_optimized":false,"enclave_options":[{"enabled":false}],"ephemeral_block_device":[],"get_password_data":false,"hibernation":false,"host_id":"","host_resource_group_arn":null,"iam_instance_profile":"","id":"i-06ca2bb35bcc6c91a","instance_initiated_shutdown_behavior":"stop","instance_lifecycle":"","instance_market_options":[],"instance_state":"running","instance_type":"t3.micro","ipv6_address_count":0,"ipv6_addresses":[],"key_name":"initech-webapp-dev-key","launch_template":[],"maintenance_options":[{"auto_recovery":"default"}],"metadata_options":[{"http_endpoint":"enabled","http_protocol_ipv6":"disabled","http_put_response_hop_limit":1,"http_tokens":"optional","instance_metadata_tags":"disabled"}],"monitoring":false,"network_interface":[],"outpost_arn":"","password_data":"","placement_group":"","placement_partition_number":0,"primary_network_interface_id":"eni-0271f097588e222ee","private_dns":"ip-10-0-1-57.us-east-2.compute.internal","private_dns_name_options":[{"enable_resource_name_dns_a_record":false,"enable_resource_name_dns_aaaa_record":false,"hostname_type":"ip-name"}],"private_ip":"10.0.1.57","public_dns":"","public_ip":"","root_block_device":[{"delete_on_termination":true,"device_name":"/dev/sda1","encrypted":false,"iops":100,"kms_key_id":"","tags":{},"throughput":0,"volume_id":"vol-06bd934abbd15d432","volume_size":8,"volume_type":"gp2"}],"secondary_private_ips":[],"security_groups":[],"source_dest_check":true,"spot_instance_request_id":"","subnet_id":"subnet-0846a595a0f1e011b","tags":{"Name":"initech-webapp-dev-ec2"},"tags_all":{"Name":"initech-webapp-dev-ec2"},"tenancy":"default","timeouts":null,"user_data":"c2d298662a4e8c70b1ebd8ffd37d0fd3fcbfe182","user_data_base64":null,"user_data_replace_on_change":false,"volume_tags":null,"vpc_security_group_ids":["sg-06a0c357ae6fac76d"]},"after":{"ami":"ami-05803413c51f242b7","arn":"arn:aws:ec2:us-east-2:767925479794:instance/i-06ca2bb35bcc6c91a","associate_public_ip_address":false,"availability_zone":"us-east-2a","capacity_reservation_specification":[{"capacity_reservation_preference":"open","capacity_reservation_target":[]}],"cpu_core_count":1,"cpu_options":[{"amd_sev_snp":"","core_count":1,"threads_per_core":2}],"cpu_threads_per_core":2,"credit_specification":[{"cpu_credits":"unlimited"}],"disable_api_stop":false,"disable_api_termination":false,"ebs_block_device":[],"ebs_optimized":false,"enclave_options":[{"enabled":false}],"ephemeral_block_device":[],"get_password_data":false,"hibernation":false,"host_id":"","host_resource_group_arn":null,"iam_instance_profile":"","id":"i-06ca2bb35bcc6c91a","instance_initiated_shutdown_behavior":"stop","instance_lifecycle":"","instance_market_options":[],"instance_state":"running","instance_type":"t3.micro","ipv6_address_count":0,"ipv6_addresses":[],"key_name":"initech-webapp-dev-key","launch_template":[],"maintenance_options":[{"auto_recovery":"default"}],"metadata_options":[{"http_endpoint":"enabled","http_protocol_ipv6":"disabled","http_put_response_hop_limit":1,"http_tokens":"optional","instance_metadata_tags":"disabled"}],"monitoring":false,"network_interface":[],"outpost_arn":"","password_data":"","placement_group":"","placement_partition_number":0,"primary_network_interface_id":"eni-0271f097588e222ee","private_dns":"ip-10-0-1-57.us-east-2.compute.internal","private_dns_name_options":[{"enable_resource_name_dns_a_record":false,"enable_resource_name_dns_aaaa_record":false,"hostname_type":"ip-name"}],"private_ip":"10.0.1.57","public_dns":"","public_ip":"","root_block_device":[{"delete_on_termination":true,"device_name":"/dev/sda1","encrypted":false,"iops":100,"kms_key_id":"","tags":{},"throughput":0,"volume_id":"vol-06bd934abbd15d432","volume_size":8,"volume_type":"gp2"}],"secondary_private_ips":[],"security_groups":[],"source_dest_check":true,"spot_instance_request_id":"","subnet_id":"subnet-0846a595a0f1e011b","tags":{"Name":"initech-webapp-dev-ec2"},"tags_all":{"Name":"initech-webapp-dev-ec2"},"tenancy":"default","timeouts":null,"user_data":"c2d298662a4e8c70b1ebd8ffd37d0fd3fcbfe182","user_data_base64":null,"user_data_replace_on_change":false,"volume_tags":null,"vpc_security_group_ids":["sg-06a0c357ae6fac76d"]},"after_unknown":{},"before_sensitive":{"capacity_reservation_specification":[{"capacity_reservation_target":[]}],"cpu_options":[{}],"credit_specification":[{}],"ebs_block_device":[],"enclave_options":[{}],"ephemeral_block_device":[],"instance_market_options":[],"ipv6_addresses":[],"launch_template":[],"maintenance_options":[{}],"metadata_options":[{}],"network_interface":[],"private_dns_name_options":[{}],"root_block_device":[{"tags":{}}],"secondary_private_ips":[],"security_groups":[],"tags":{},"tags_all":{},"vpc_security_group_ids":[false]},"after_sensitive":{"capacity_reservation_specification":[{"capacity_reservation_target":[]}],"cpu_options":[{}],"credit_specification":[{}],"ebs_block_device":[],"enclave_options":[{}],"ephemeral_block_device":[],"instance_market_options":[],"ipv6_addresses":[],"launch_template":[],"maintenance_options":[{}],"metadata_options":[{}],"network_interface":[],"private_dns_name_options":[{}],"root_block_device":[{"tags":{}}],"secondary_private_ips":[],"security_groups":[],"tags":{},"tags_all":{},"vpc_security_group_ids":[false]}}},{"address":"aws_key_pair.webapp-keypair","mode":"managed","type":"aws_key_pair","name":"webapp-keypair","provider_name":"registry.terraform.io/hashicorp/aws","change":{"actions":["no-op"],"before":{"arn":"arn:aws:ec2:us-east-2:767925479794:key-pair/initech-webapp-dev-key","fingerprint":"cb:ca:db:80:30:1d:73:70:ff:bf:02:35:f5:c3:0d:f0","id":"initech-webapp-dev-key","key_name":"initech-webapp-dev-key","key_name_prefix":"","key_pair_id":"key-0e74800a37034c3fc","key_type":"rsa","public_key":"ssh-rsa AAAAB3NzaC1yc2EAAAADAQABAAABgQDTMW0UlgObFvOMx793o3mliM8ePOpla0DuTYzD5Guh2CLRlsaRgIjzEUUaekes2DxU50+qi35QBEgu8km2At2DX4CkSGBZTO2t4GQ0FK1TkkZBLoE3XQvmwSl847buMQ4vBqkf6owJlZ/DMJ8z/tIefpR5uFuTTMGV2vtDYZfMhy6nJuO04OHLbroaTHGwgLr+K7A/xmVAOiiOU/QxJabCcrQT2NRks9uIVgF5XrOLFh9p5WfbROHC9YY5hrr6mrx/Hxg7Z8X7KZcNDPjm9M8bYnor4iw+X+dD+g+VFC7H6VEfo6Og3SgHCJkacba8X7ovhYoqBO1arLdBKVYOvIrvcomBEGfX2MjgaED+eoLHBpg2i8lSviD3iF4J9mcKfAF3hofigSbPKmdBG24HS7NPNQPJW2swUTJCG/0VOJv1ko+EU26ZDEv8smp/19a+GRTAw0f/K0qmQjnQxK2+Ptm56GhZ/Qk53dl3OA5VzNl/WzvCNXmY8adb21xkW+53GNM= reddyin@Indras-Air.attlocal.net","tags":{},"tags_all":{}},"after":{"arn":"arn:aws:ec2:us-east-2:767925479794:key-pair/initech-webapp-dev-key","fingerprint":"cb:ca:db:80:30:1d:73:70:ff:bf:02:35:f5:c3:0d:f0","id":"initech-webapp-dev-key","key_name":"initech-webapp-dev-key","key_name_prefix":"","key_pair_id":"key-0e74800a37034c3fc","key_type":"rsa","public_key":"ssh-rsa AAAAB3NzaC1yc2EAAAADAQABAAABgQDTMW0UlgObFvOMx793o3mliM8ePOpla0DuTYzD5Guh2CLRlsaRgIjzEUUaekes2DxU50+qi35QBEgu8km2At2DX4CkSGBZTO2t4GQ0FK1TkkZBLoE3XQvmwSl847buMQ4vBqkf6owJlZ/DMJ8z/tIefpR5uFuTTMGV2vtDYZfMhy6nJuO04OHLbroaTHGwgLr+K7A/xmVAOiiOU/QxJabCcrQT2NRks9uIVgF5XrOLFh9p5WfbROHC9YY5hrr6mrx/Hxg7Z8X7KZcNDPjm9M8bYnor4iw+X+dD+g+VFC7H6VEfo6Og3SgHCJkacba8X7ovhYoqBO1arLdBKVYOvIrvcomBEGfX2MjgaED+eoLHBpg2i8lSviD3iF4J9mcKfAF3hofigSbPKmdBG24HS7NPNQPJW2swUTJCG/0VOJv1ko+EU26ZDEv8smp/19a+GRTAw0f/K0qmQjnQxK2+Ptm56GhZ/Qk53dl3OA5VzNl/WzvCNXmY8adb21xkW+53GNM= reddyin@Indras-Air.attlocal.net","tags":{},"tags_all":{}},"after_unknown":{},"before_sensitive":{"tags":{},"tags_all":{}},"after_sensitive":{"tags":{},"tags_all":{}}}},{"address":"aws_network_interface.dev_web_network_interface","mode":"managed","type":"aws_network_interface","name":"dev_web_network_interface","provider_name":"registry.terraform.io/hashicorp/aws","change":{"actions":["update"],"before":{"arn":"arn:aws:ec2:us-east-2:767925479794:network-interface/eni-0e679576e6ce652b6","attachment":[],"description":"","id":"eni-0e679576e6ce652b6","interface_type":"interface","ipv4_prefix_count":0,"ipv4_prefixes":[],"ipv6_address_count":0,"ipv6_address_list":[],"ipv6_address_list_enabled":false,"ipv6_addresses":[],"ipv6_prefix_count":0,"ipv6_prefixes":[],"mac_address":"02:32:28:3a:43:e9","outpost_arn":"","owner_id":"767925479794","private_dns_name":"ip-10-0-1-66.us-east-2.compute.internal","private_ip":"10.0.1.66","private_ip_list":["10.0.1.66"],"private_ip_list_enabled":false,"private_ips":["10.0.1.66"],"private_ips_count":0,"security_groups":["sg-06a0c357ae6fac76d"],"source_dest_check":true,"subnet_id":"subnet-0846a595a0f1e011b","tags":{"Name":"initech-webapp-dev-eni"},"tags_all":{"Name":"initech-webapp-dev-eni"}},"after":{"arn":"arn:aws:ec2:us-east-2:767925479794:network-interface/eni-0e679576e6ce652b6","attachment":[{"device_index":1,"instance":"i-06ca2bb35bcc6c91a"}],"description":"","id":"eni-0e679576e6ce652b6","interface_type":"interface","ipv4_prefix_count":0,"ipv4_prefixes":[],"ipv6_address_count":0,"ipv6_address_list":[],"ipv6_address_list_enabled":false,"ipv6_addresses":[],"ipv6_prefix_count":0,"ipv6_prefixes":[],"mac_address":"02:32:28:3a:43:e9","outpost_arn":"","owner_id":"767925479794","private_dns_name":"ip-10-0-1-66.us-east-2.compute.internal","private_ip":"10.0.1.66","private_ip_list":["10.0.1.66"],"private_ip_list_enabled":false,"private_ips":["10.0.1.66"],"private_ips_count":0,"security_groups":["sg-06a0c357ae6fac76d"],"source_dest_check":true,"subnet_id":"subnet-0846a595a0f1e011b","tags":{"Name":"initech-webapp-dev-eni"},"tags_all":{"Name":"initech-webapp-dev-eni"}},"after_unknown":{"attachment":[{"attachment_id":true}],"ipv4_prefixes":[],"ipv6_address_list":[],"ipv6_addresses":[],"ipv6_prefixes":[],"private_ip_list":[false],"private_ips":[false],"security_groups":[false],"tags":{},"tags_all":{}},"before_sensitive":{"attachment":[],"ipv4_prefixes":[],"ipv6_address_list":[],"ipv6_addresses":[],"ipv6_prefixes":[],"private_ip_list":[false],"private_ips":[false],"security_groups":[false],"tags":{},"tags_all":{}},"after_sensitive":{"attachment":[{}],"ipv4_prefixes":[],"ipv6_address_list":[],"ipv6_addresses":[],"ipv6_prefixes":[],"private_ip_list":[false],"private_ips":[false],"security_groups":[false],"tags":{},"tags_all":{}}}},{"address":"aws_security_group.dev_web_sg","mode":"managed","type":"aws_security_group","name":"dev_web_sg","provider_name":"registry.terraform.io/hashicorp/aws","change":{"actions":["no-op"],"before":{"arn":"arn:aws:ec2:us-east-2:767925479794:security-group/sg-06a0c357ae6fac76d","description":"Security group for initech web app development","egress":[],"id":"sg-06a0c357ae6fac76d","ingress":[],"name":"dev-web-sg","name_prefix":"","owner_id":"767925479794","revoke_rules_on_delete":false,"tags":{"Environment":"dev","Name":"initech-webapp-dev-sg"},"tags_all":{"Environment":"dev","Name":"initech-webapp-dev-sg"},"timeouts":null,"vpc_id":"vpc-089798690beb89563"},"after":{"arn":"arn:aws:ec2:us-east-2:767925479794:security-group/sg-06a0c357ae6fac76d","description":"Security group for initech web app development","egress":[],"id":"sg-06a0c357ae6fac76d","ingress":[],"name":"dev-web-sg","name_prefix":"","owner_id":"767925479794","revoke_rules_on_delete":false,"tags":{"Environment":"dev","Name":"initech-webapp-dev-sg"},"tags_all":{"Environment":"dev","Name":"initech-webapp-dev-sg"},"timeouts":null,"vpc_id":"vpc-089798690beb89563"},"after_unknown":{},"before_sensitive":{"egress":[],"ingress":[],"tags":{},"tags_all":{}},"after_sensitive":{"egress":[],"ingress":[],"tags":{},"tags_all":{}}}},{"address":"aws_security_group_rule.dev_allow_http","mode":"managed","type":"aws_security_group_rule","name":"dev_allow_http","provider_name":"registry.terraform.io/hashicorp/aws","change":{"actions":["create"],"before":null,"after":{"cidr_blocks":["0.0.0.0/0"],"description":null,"from_port":8080,"ipv6_cidr_blocks":null,"prefix_list_ids":null,"protocol":"tcp","security_group_id":"sg-06a0c357ae6fac76d","self":false,"timeouts":null,"to_port":8080,"type":"ingress"},"after_unknown":{"cidr_blocks":[false],"id":true,"security_group_rule_id":true,"source_security_group_id":true},"before_sensitive":false,"after_sensitive":{"cidr_blocks":[false]}}},{"address":"aws_security_group_rule.dev_allow_ssh","mode":"managed","type":"aws_security_group_rule","name":"dev_allow_ssh","provider_name":"registry.terraform.io/hashicorp/aws","change":{"actions":["create"],"before":null,"after":{"cidr_blocks":["0.0.0.0/0"],"description":null,"from_port":22,"ipv6_cidr_blocks":null,"prefix_list_ids":null,"protocol":"tcp","security_group_id":"sg-06a0c357ae6fac76d","self":false,"timeouts":null,"to_port":22,"type":"ingress"},"after_unknown":{"cidr_blocks":[false],"id":true,"security_group_rule_id":true,"source_security_group_id":true},"before_sensitive":false,"after_sensitive":{"cidr_blocks":[false]}}},{"address":"aws_subnet.dev_subnet","mode":"managed","type":"aws_subnet","name":"dev_subnet","provider_name":"registry.terraform.io/hashicorp/aws","change":{"actions":["no-op"],"before":{"arn":"arn:aws:ec2:us-east-2:767925479794:subnet/subnet-0846a595a0f1e011b","assign_ipv6_address_on_creation":false,"availability_zone":"us-east-2a","availability_zone_id":"use2-az1","cidr_block":"10.0.1.0/24","customer_owned_ipv4_pool":"","enable_dns64":false,"enable_lni_at_device_index":0,"enable_resource_name_dns_a_record_on_launch":false,"enable_resource_name_dns_aaaa_record_on_launch":false,"id":"subnet-0846a595a0f1e011b","ipv6_cidr_block":"","ipv6_cidr_block_association_id":"","ipv6_native":false,"map_customer_owned_ip_on_launch":false,"map_public_ip_on_launch":false,"outpost_arn":"","owner_id":"767925479794","private_dns_hostname_type_on_launch":"ip-name","tags":{},"tags_all":{},"timeouts":null,"vpc_id":"vpc-089798690beb89563"},"after":{"arn":"arn:aws:ec2:us-east-2:767925479794:subnet/subnet-0846a595a0f1e011b","assign_ipv6_address_on_creation":false,"availability_zone":"us-east-2a","availability_zone_id":"use2-az1","cidr_block":"10.0.1.0/24","customer_owned_ipv4_pool":"","enable_dns64":false,"enable_lni_at_device_index":0,"enable_resource_name_dns_a_record_on_launch":false,"enable_resource_name_dns_aaaa_record_on_launch":false,"id":"subnet-0846a595a0f1e011b","ipv6_cidr_block":"","ipv6_cidr_block_association_id":"","ipv6_native":false,"map_customer_owned_ip_on_launch":false,"map_public_ip_on_launch":false,"outpost_arn":"","owner_id":"767925479794","private_dns_hostname_type_on_launch":"ip-name","tags":{},"tags_all":{},"timeouts":null,"vpc_id":"vpc-089798690beb89563"},"after_unknown":{},"before_sensitive":{"tags":{},"tags_all":{}},"after_sensitive":{"tags":{},"tags_all":{}}}},{"address":"aws_vpc.dev_vpc","mode":"managed","type":"aws_vpc","name":"dev_vpc","provider_name":"registry.terraform.io/hashicorp/aws","change":{"actions":["no-op"],"before":{"arn":"arn:aws:ec2:us-east-2:767925479794:vpc/vpc-089798690beb89563","assign_generated_ipv6_cidr_block":false,"cidr_block":"10.0.0.0/16","default_network_acl_id":"acl-00a06638919d14251","default_route_table_id":"rtb-019a4d54156e55637","default_security_group_id":"sg-05466c5a2a77302bd","dhcp_options_id":"dopt-0194d0820febc629d","enable_dns_hostnames":true,"enable_dns_support":true,"enable_network_address_usage_metrics":false,"id":"vpc-089798690beb89563","instance_tenancy":"default","ipv4_ipam_pool_id":null,"ipv4_netmask_length":null,"ipv6_association_id":"","ipv6_cidr_block":"","ipv6_cidr_block_network_border_group":"","ipv6_ipam_pool_id":"","ipv6_netmask_length":0,"main_route_table_id":"rtb-019a4d54156e55637","owner_id":"767925479794","tags":{},"tags_all":{}},"after":{"arn":"arn:aws:ec2:us-east-2:767925479794:vpc/vpc-089798690beb89563","assign_generated_ipv6_cidr_block":false,"cidr_block":"10.0.0.0/16","default_network_acl_id":"acl-00a06638919d14251","default_route_table_id":"rtb-019a4d54156e55637","default_security_group_id":"sg-05466c5a2a77302bd","dhcp_options_id":"dopt-0194d0820febc629d","enable_dns_hostnames":true,"enable_dns_support":true,"enable_network_address_usage_metrics":false,"id":"vpc-089798690beb89563","instance_tenancy":"default","ipv4_ipam_pool_id":null,"ipv4_netmask_length":null,"ipv6_association_id":"","ipv6_cidr_block":"","ipv6_cidr_block_network_border_group":"","ipv6_ipam_pool_id":"","ipv6_netmask_length":0,"main_route_table_id":"rtb-019a4d54156e55637","owner_id":"767925479794","tags":{},"tags_all":{}},"after_unknown":{},"before_sensitive":{"tags":{},"tags_all":{}},"after_sensitive":{"tags":{},"tags_all":{}}}}],"output_changes":{"instance_ids":{"actions":["create"],"before":null,"after":"i-06ca2bb35bcc6c91a","after_unknown":false,"before_sensitive":false,"after_sensitive":false},"vpc_id":{"actions":["create"],"before":null,"after":"vpc-089798690beb89563","after_unknown":false,"before_sensitive":false,"after_sensitive":false}},"prior_state":{"format_version":"1.0","terraform_version":"1.6.6","values":{"outputs":{"instance_ids":{"sensitive":false,"value":"i-06ca2bb35bcc6c91a","type":"string"},"vpc_id":{"sensitive":false,"value":"vpc-089798690beb89563","type":"string"}},"root_module":{"resources":[{"address":"aws_instance.webapp","mode":"managed","type":"aws_instance","name":"webapp","provider_name":"registry.terraform.io/hashicorp/aws","schema_version":1,"values":{"ami":"ami-05803413c51f242b7","arn":"arn:aws:ec2:us-east-2:767925479794:instance/i-06ca2bb35bcc6c91a","associate_public_ip_address":false,"availability_zone":"us-east-2a","capacity_reservation_specification":[{"capacity_reservation_preference":"open","capacity_reservation_target":[]}],"cpu_core_count":1,"cpu_options":[{"amd_sev_snp":"","core_count":1,"threads_per_core":2}],"cpu_threads_per_core":2,"credit_specification":[{"cpu_credits":"unlimited"}],"disable_api_stop":false,"disable_api_termination":false,"ebs_block_device":[],"ebs_optimized":false,"enclave_options":[{"enabled":false}],"ephemeral_block_device":[],"get_password_data":false,"hibernation":false,"host_id":"","host_resource_group_arn":null,"iam_instance_profile":"","id":"i-06ca2bb35bcc6c91a","instance_initiated_shutdown_behavior":"stop","instance_lifecycle":"","instance_market_options":[],"instance_state":"running","instance_type":"t3.micro","ipv6_address_count":0,"ipv6_addresses":[],"key_name":"initech-webapp-dev-key","launch_template":[],"maintenance_options":[{"auto_recovery":"default"}],"metadata_options":[{"http_endpoint":"enabled","http_protocol_ipv6":"disabled","http_put_response_hop_limit":1,"http_tokens":"optional","instance_metadata_tags":"disabled"}],"monitoring":false,"network_interface":[],"outpost_arn":"","password_data":"","placement_group":"","placement_partition_number":0,"primary_network_interface_id":"eni-0271f097588e222ee","private_dns":"ip-10-0-1-57.us-east-2.compute.internal","private_dns_name_options":[{"enable_resource_name_dns_a_record":false,"enable_resource_name_dns_aaaa_record":false,"hostname_type":"ip-name"}],"private_ip":"10.0.1.57","public_dns":"","public_ip":"","root_block_device":[{"delete_on_termination":true,"device_name":"/dev/sda1","encrypted":false,"iops":100,"kms_key_id":"","tags":{},"throughput":0,"volume_id":"vol-06bd934abbd15d432","volume_size":8,"volume_type":"gp2"}],"secondary_private_ips":[],"security_groups":[],"source_dest_check":true,"spot_instance_request_id":"","subnet_id":"subnet-0846a595a0f1e011b","tags":{"Name":"initech-webapp-dev-ec2"},"tags_all":{"Name":"initech-webapp-dev-ec2"},"tenancy":"default","timeouts":null,"user_data":"c2d298662a4e8c70b1ebd8ffd37d0fd3fcbfe182","user_data_base64":null,"user_data_replace_on_change":false,"volume_tags":null,"vpc_security_group_ids":["sg-06a0c357ae6fac76d"]},"sensitive_values":{"capacity_reservation_specification":[{"capacity_reservation_target":[]}],"cpu_options":[{}],"credit_specification":[{}],"ebs_block_device":[],"enclave_options":[{}],"ephemeral_block_device":[],"instance_market_options":[],"ipv6_addresses":[],"launch_template":[],"maintenance_options":[{}],"metadata_options":[{}],"network_interface":[],"private_dns_name_options":[{}],"root_block_device":[{"tags":{}}],"secondary_private_ips":[],"security_groups":[],"tags":{},"tags_all":{},"vpc_security_group_ids":[false]},"depends_on":["aws_key_pair.webapp-keypair","aws_security_group.dev_web_sg","aws_subnet.dev_subnet","aws_vpc.dev_vpc"]},{"address":"aws_key_pair.webapp-keypair","mode":"managed","type":"aws_key_pair","name":"webapp-keypair","provider_name":"registry.terraform.io/hashicorp/aws","schema_version":1,"values":{"arn":"arn:aws:ec2:us-east-2:767925479794:key-pair/initech-webapp-dev-key","fingerprint":"cb:ca:db:80:30:1d:73:70:ff:bf:02:35:f5:c3:0d:f0","id":"initech-webapp-dev-key","key_name":"initech-webapp-dev-key","key_name_prefix":"","key_pair_id":"key-0e74800a37034c3fc","key_type":"rsa","public_key":"ssh-rsa AAAAB3NzaC1yc2EAAAADAQABAAABgQDTMW0UlgObFvOMx793o3mliM8ePOpla0DuTYzD5Guh2CLRlsaRgIjzEUUaekes2DxU50+qi35QBEgu8km2At2DX4CkSGBZTO2t4GQ0FK1TkkZBLoE3XQvmwSl847buMQ4vBqkf6owJlZ/DMJ8z/tIefpR5uFuTTMGV2vtDYZfMhy6nJuO04OHLbroaTHGwgLr+K7A/xmVAOiiOU/QxJabCcrQT2NRks9uIVgF5XrOLFh9p5WfbROHC9YY5hrr6mrx/Hxg7Z8X7KZcNDPjm9M8bYnor4iw+X+dD+g+VFC7H6VEfo6Og3SgHCJkacba8X7ovhYoqBO1arLdBKVYOvIrvcomBEGfX2MjgaED+eoLHBpg2i8lSviD3iF4J9mcKfAF3hofigSbPKmdBG24HS7NPNQPJW2swUTJCG/0VOJv1ko+EU26ZDEv8smp/19a+GRTAw0f/K0qmQjnQxK2+Ptm56GhZ/Qk53dl3OA5VzNl/WzvCNXmY8adb21xkW+53GNM= reddyin@Indras-Air.attlocal.net","tags":{},"tags_all":{}},"sensitive_values":{"tags":{},"tags_all":{}}},{"address":"aws_network_interface.dev_web_network_interface","mode":"managed","type":"aws_network_interface","name":"dev_web_network_interface","provider_name":"registry.terraform.io/hashicorp/aws","schema_version":0,"values":{"arn":"arn:aws:ec2:us-east-2:767925479794:network-interface/eni-0e679576e6ce652b6","attachment":[],"description":"","id":"eni-0e679576e6ce652b6","interface_type":"interface","ipv4_prefix_count":0,"ipv4_prefixes":[],"ipv6_address_count":0,"ipv6_address_list":[],"ipv6_address_list_enabled":false,"ipv6_addresses":[],"ipv6_prefix_count":0,"ipv6_prefixes":[],"mac_address":"02:32:28:3a:43:e9","outpost_arn":"","owner_id":"767925479794","private_dns_name":"ip-10-0-1-66.us-east-2.compute.internal","private_ip":"10.0.1.66","private_ip_list":["10.0.1.66"],"private_ip_list_enabled":false,"private_ips":["10.0.1.66"],"private_ips_count":0,"security_groups":["sg-06a0c357ae6fac76d"],"source_dest_check":true,"subnet_id":"subnet-0846a595a0f1e011b","tags":{"Name":"initech-webapp-dev-eni"},"tags_all":{"Name":"initech-webapp-dev-eni"}},"sensitive_values":{"attachment":[],"ipv4_prefixes":[],"ipv6_address_list":[],"ipv6_addresses":[],"ipv6_prefixes":[],"private_ip_list":[false],"private_ips":[false],"security_groups":[false],"tags":{},"tags_all":{}},"depends_on":["aws_instance.webapp","aws_key_pair.webapp-keypair","aws_security_group.dev_web_sg","aws_subnet.dev_subnet","aws_vpc.dev_vpc"]},{"address":"aws_security_group.dev_web_sg","mode":"managed","type":"aws_security_group","name":"dev_web_sg","provider_name":"registry.terraform.io/hashicorp/aws","schema_version":1,"values":{"arn":"arn:aws:ec2:us-east-2:767925479794:security-group/sg-06a0c357ae6fac76d","description":"Security group for initech web app development","egress":[],"id":"sg-06a0c357ae6fac76d","ingress":[],"name":"dev-web-sg","name_prefix":"","owner_id":"767925479794","revoke_rules_on_delete":false,"tags":{"Environment":"dev","Name":"initech-webapp-dev-sg"},"tags_all":{"Environment":"dev","Name":"initech-webapp-dev-sg"},"timeouts":null,"vpc_id":"vpc-089798690beb89563"},"sensitive_values":{"egress":[],"ingress":[],"tags":{},"tags_all":{}},"depends_on":["aws_vpc.dev_vpc"]},{"address":"aws_subnet.dev_subnet","mode":"managed","type":"aws_subnet","name":"dev_subnet","provider_name":"registry.terraform.io/hashicorp/aws","schema_version":1,"values":{"arn":"arn:aws:ec2:us-east-2:767925479794:subnet/subnet-0846a595a0f1e011b","assign_ipv6_address_on_creation":false,"availability_zone":"us-east-2a","availability_zone_id":"use2-az1","cidr_block":"10.0.1.0/24","customer_owned_ipv4_pool":"","enable_dns64":false,"enable_lni_at_device_index":0,"enable_resource_name_dns_a_record_on_launch":false,"enable_resource_name_dns_aaaa_record_on_launch":false,"id":"subnet-0846a595a0f1e011b","ipv6_cidr_block":"","ipv6_cidr_block_association_id":"","ipv6_native":false,"map_customer_owned_ip_on_launch":false,"map_public_ip_on_launch":false,"outpost_arn":"","owner_id":"767925479794","private_dns_hostname_type_on_launch":"ip-name","tags":{},"tags_all":{},"timeouts":null,"vpc_id":"vpc-089798690beb89563"},"sensitive_values":{"tags":{},"tags_all":{}},"depends_on":["aws_vpc.dev_vpc"]},{"address":"aws_vpc.dev_vpc","mode":"managed","type":"aws_vpc","name":"dev_vpc","provider_name":"registry.terraform.io/hashicorp/aws","schema_version":1,"values":{"arn":"arn:aws:ec2:us-east-2:767925479794:vpc/vpc-089798690beb89563","assign_generated_ipv6_cidr_block":false,"cidr_block":"10.0.0.0/16","default_network_acl_id":"acl-00a06638919d14251","default_route_table_id":"rtb-019a4d54156e55637","default_security_group_id":"sg-05466c5a2a77302bd","dhcp_options_id":"dopt-0194d0820febc629d","enable_dns_hostnames":true,"enable_dns_support":true,"enable_network_address_usage_metrics":false,"id":"vpc-089798690beb89563","instance_tenancy":"default","ipv4_ipam_pool_id":null,"ipv4_netmask_length":null,"ipv6_association_id":"","ipv6_cidr_block":"","ipv6_cidr_block_network_border_group":"","ipv6_ipam_pool_id":"","ipv6_netmask_length":0,"main_route_table_id":"rtb-019a4d54156e55637","owner_id":"767925479794","tags":{},"tags_all":{}},"sensitive_values":{"tags":{},"tags_all":{}}}]}}},"configuration":{"provider_config":{"aws":{"name":"aws","full_name":"registry.terraform.io/hashicorp/aws","version_constraint":"~\u003e 5.30.0","expressions":{"region":{"references":["var.aws-region"]}}},"google":{"name":"google","full_name":"registry.terraform.io/hashicorp/google","version_constraint":"\u003e= 5.11.0","expressions":{"region":{"references":["var.google-region"]}}}},"root_module":{"outputs":{"instance_ids":{"expression":{"references":["aws_instance.webapp.id","aws_instance.webapp"]},"description":"IDs of the created instance"},"vpc_id":{"expression":{"references":["aws_vpc.dev_vpc.id","aws_vpc.dev_vpc"]},"description":"ID of the created VPC"}},"resources":[{"address":"aws_instance.webapp","mode":"managed","type":"aws_instance","name":"webapp","provider_config_key":"aws","expressions":{"ami":{"references":["var.ami-id"]},"instance_type":{"references":["var.instance-type"]},"key_name":{"references":["aws_key_pair.webapp-keypair.key_name","aws_key_pair.webapp-keypair"]},"subnet_id":{"references":["aws_subnet.dev_subnet.id","aws_subnet.dev_subnet"]},"tags":{"references":["local.tag_prefix_name"]},"user_data":{"constant_value":"#!/bin/bash\necho \"Hello from user data!\" \u003e /tmp/user_data_output.txt\n"},"vpc_security_group_ids":{"references":["aws_security_group.dev_web_sg.id","aws_security_group.dev_web_sg"]}},"schema_version":1},{"address":"aws_key_pair.webapp-keypair","mode":"managed","type":"aws_key_pair","name":"webapp-keypair","provider_config_key":"aws","expressions":{"key_name":{"references":["local.tag_prefix_name"]},"public_key":{"references":["path.module"]}},"schema_version":1},{"address":"aws_network_interface.dev_web_network_interface","mode":"managed","type":"aws_network_interface","name":"dev_web_network_interface","provider_config_key":"aws","expressions":{"attachment":[{"device_index":{"constant_value":1},"instance":{"references":["aws_instance.webapp.id","aws_instance.webapp"]}}],"security_groups":{"references":["aws_security_group.dev_web_sg.id","aws_security_group.dev_web_sg"]},"subnet_id":{"references":["aws_subnet.dev_subnet.id","aws_subnet.dev_subnet"]},"tags":{"references":["local.tag_prefix_name"]}},"schema_version":0,"depends_on":["aws_instance.webapp"]},{"address":"aws_security_group.dev_web_sg","mode":"managed","type":"aws_security_group","name":"dev_web_sg","provider_config_key":"aws","expressions":{"description":{"constant_value":"Security group for initech web app development"},"name":{"constant_value":"dev-web-sg"},"tags":{"references":["local.tag_prefix_name","var.environment"]},"vpc_id":{"references":["aws_vpc.dev_vpc.id","aws_vpc.dev_vpc"]}},"schema_version":1},{"address":"aws_security_group_rule.dev_allow_http","mode":"managed","type":"aws_security_group_rule","name":"dev_allow_http","provider_config_key":"aws","expressions":{"cidr_blocks":{"constant_value":["0.0.0.0/0"]},"from_port":{"constant_value":8080},"protocol":{"constant_value":"tcp"},"security_group_id":{"references":["aws_security_group.dev_web_sg.id","aws_security_group.dev_web_sg"]},"to_port":{"constant_value":8080},"type":{"constant_value":"ingress"}},"schema_version":2},{"address":"aws_security_group_rule.dev_allow_ssh","mode":"managed","type":"aws_security_group_rule","name":"dev_allow_ssh","provider_config_key":"aws","expressions":{"cidr_blocks":{"constant_value":["0.0.0.0/0"]},"from_port":{"constant_value":22},"protocol":{"constant_value":"tcp"},"security_group_id":{"references":["aws_security_group.dev_web_sg.id","aws_security_group.dev_web_sg"]},"to_port":{"constant_value":22},"type":{"constant_value":"ingress"}},"schema_version":2},{"address":"aws_subnet.dev_subnet","mode":"managed","type":"aws_subnet","name":"dev_subnet","provider_config_key":"aws","expressions":{"cidr_block":{"constant_value":"10.0.1.0/24"},"vpc_id":{"references":["aws_vpc.dev_vpc.id","aws_vpc.dev_vpc"]}},"schema_version":1},{"address":"aws_vpc.dev_vpc","mode":"managed","type":"aws_vpc","name":"dev_vpc","provider_config_key":"aws","expressions":{"cidr_block":{"constant_value":"10.0.0.0/16"},"enable_dns_hostnames":{"constant_value":true},"enable_dns_support":{"constant_value":true}},"schema_version":1}],"variables":{"ami-id":{"description":"The AMI ID for the AWS instance"},"aws-region":{"default":"us-east-2","description":"aws region"},"environment":{"description":"Environment for the resource provisioning"},"google-region":{"default":"us-central1","description":"aws region"},"instance-type":{"default":"t2.micro","description":"The instance type for the AWS instance"}}}},"relevant_attributes":[{"resource":"aws_security_group.dev_web_sg","attribute":["id"]},{"resource":"aws_subnet.dev_subnet","attribute":["id"]},{"resource":"aws_instance.webapp","attribute":["id"]},{"resource":"aws_vpc.dev_vpc","attribute":["id"]}],"timestamp":"2024-01-18T04:38:41Z","errored":false}
