{
  "version": 4,
  "terraform_version": "1.6.6",
  "serial": 15,
  "lineage": "51657895-8f7b-3f2c-4c94-4be8a660397b",
  "outputs": {},
  "resources": [
    {
      "mode": "managed",
      "type": "aws_instance",
      "name": "webapp",
      "provider": "provider[\"registry.terraform.io/hashicorp/aws\"]",
      "instances": [
        {
          "schema_version": 1,
          "attributes": {
            "ami": "ami-05803413c51f242b7",
            "arn": "arn:aws:ec2:us-east-2:767925479794:instance/i-06ca2bb35bcc6c91a",
            "associate_public_ip_address": false,
            "availability_zone": "us-east-2a",
            "capacity_reservation_specification": [
              {
                "capacity_reservation_preference": "open",
                "capacity_reservation_target": []
              }
            ],
            "cpu_core_count": 1,
            "cpu_options": [
              {
                "amd_sev_snp": "",
                "core_count": 1,
                "threads_per_core": 2
              }
            ],
            "cpu_threads_per_core": 2,
            "credit_specification": [
              {
                "cpu_credits": "unlimited"
              }
            ],
            "disable_api_stop": false,
            "disable_api_termination": false,
            "ebs_block_device": [],
            "ebs_optimized": false,
            "enclave_options": [
              {
                "enabled": false
              }
            ],
            "ephemeral_block_device": [],
            "get_password_data": false,
            "hibernation": false,
            "host_id": "",
            "host_resource_group_arn": null,
            "iam_instance_profile": "",
            "id": "i-06ca2bb35bcc6c91a",
            "instance_initiated_shutdown_behavior": "stop",
            "instance_lifecycle": "",
            "instance_market_options": [],
            "instance_state": "running",
            "instance_type": "t3.micro",
            "ipv6_address_count": 0,
            "ipv6_addresses": [],
            "key_name": "initech-webapp-dev-key",
            "launch_template": [],
            "maintenance_options": [
              {
                "auto_recovery": "default"
              }
            ],
            "metadata_options": [
              {
                "http_endpoint": "enabled",
                "http_protocol_ipv6": "disabled",
                "http_put_response_hop_limit": 1,
                "http_tokens": "optional",
                "instance_metadata_tags": "disabled"
              }
            ],
            "monitoring": false,
            "network_interface": [],
            "outpost_arn": "",
            "password_data": "",
            "placement_group": "",
            "placement_partition_number": 0,
            "primary_network_interface_id": "eni-0271f097588e222ee",
            "private_dns": "ip-10-0-1-57.us-east-2.compute.internal",
            "private_dns_name_options": [
              {
                "enable_resource_name_dns_a_record": false,
                "enable_resource_name_dns_aaaa_record": false,
                "hostname_type": "ip-name"
              }
            ],
            "private_ip": "10.0.1.57",
            "public_dns": "",
            "public_ip": "",
            "root_block_device": [
              {
                "delete_on_termination": true,
                "device_name": "/dev/sda1",
                "encrypted": false,
                "iops": 100,
                "kms_key_id": "",
                "tags": {},
                "throughput": 0,
                "volume_id": "vol-06bd934abbd15d432",
                "volume_size": 8,
                "volume_type": "gp2"
              }
            ],
            "secondary_private_ips": [],
            "security_groups": [],
            "source_dest_check": true,
            "spot_instance_request_id": "",
            "subnet_id": "subnet-0846a595a0f1e011b",
            "tags": {
              "Name": "initech-webapp-dev-ec2"
            },
            "tags_all": {
              "Name": "initech-webapp-dev-ec2"
            },
            "tenancy": "default",
            "timeouts": null,
            "user_data": "c2d298662a4e8c70b1ebd8ffd37d0fd3fcbfe182",
            "user_data_base64": null,
            "user_data_replace_on_change": false,
            "volume_tags": null,
            "vpc_security_group_ids": [
              "sg-06a0c357ae6fac76d"
            ]
          },
          "sensitive_attributes": [],
          "private": "eyJlMmJmYjczMC1lY2FhLTExZTYtOGY4OC0zNDM2M2JjN2M0YzAiOnsiY3JlYXRlIjo2MDAwMDAwMDAwMDAsImRlbGV0ZSI6MTIwMDAwMDAwMDAwMCwidXBkYXRlIjo2MDAwMDAwMDAwMDB9LCJzY2hlbWFfdmVyc2lvbiI6IjEifQ==",
          "dependencies": [
            "aws_key_pair.webapp-keypair",
            "aws_security_group.dev_web_sg",
            "aws_subnet.dev_subnet",
            "aws_vpc.dev_vpc"
          ]
        }
      ]
    },
    {
      "mode": "managed",
      "type": "aws_key_pair",
      "name": "webapp-keypair",
      "provider": "provider[\"registry.terraform.io/hashicorp/aws\"]",
      "instances": [
        {
          "schema_version": 1,
          "attributes": {
            "arn": "arn:aws:ec2:us-east-2:767925479794:key-pair/initech-webapp-dev-key",
            "fingerprint": "cb:ca:db:80:30:1d:73:70:ff:bf:02:35:f5:c3:0d:f0",
            "id": "initech-webapp-dev-key",
            "key_name": "initech-webapp-dev-key",
            "key_name_prefix": "",
            "key_pair_id": "key-0e74800a37034c3fc",
            "key_type": "rsa",
            "public_key": "ssh-rsa AAAAB3NzaC1yc2EAAAADAQABAAABgQDTMW0UlgObFvOMx793o3mliM8ePOpla0DuTYzD5Guh2CLRlsaRgIjzEUUaekes2DxU50+qi35QBEgu8km2At2DX4CkSGBZTO2t4GQ0FK1TkkZBLoE3XQvmwSl847buMQ4vBqkf6owJlZ/DMJ8z/tIefpR5uFuTTMGV2vtDYZfMhy6nJuO04OHLbroaTHGwgLr+K7A/xmVAOiiOU/QxJabCcrQT2NRks9uIVgF5XrOLFh9p5WfbROHC9YY5hrr6mrx/Hxg7Z8X7KZcNDPjm9M8bYnor4iw+X+dD+g+VFC7H6VEfo6Og3SgHCJkacba8X7ovhYoqBO1arLdBKVYOvIrvcomBEGfX2MjgaED+eoLHBpg2i8lSviD3iF4J9mcKfAF3hofigSbPKmdBG24HS7NPNQPJW2swUTJCG/0VOJv1ko+EU26ZDEv8smp/19a+GRTAw0f/K0qmQjnQxK2+Ptm56GhZ/Qk53dl3OA5VzNl/WzvCNXmY8adb21xkW+53GNM= reddyin@Indras-Air.attlocal.net",
            "tags": {},
            "tags_all": {}
          },
          "sensitive_attributes": [],
          "private": "eyJzY2hlbWFfdmVyc2lvbiI6IjEifQ=="
        }
      ]
    },
    {
      "mode": "managed",
      "type": "aws_network_interface",
      "name": "dev_web_network_interface",
      "provider": "provider[\"registry.terraform.io/hashicorp/aws\"]",
      "instances": [
        {
          "schema_version": 0,
          "attributes": {
            "arn": "arn:aws:ec2:us-east-2:767925479794:network-interface/eni-0e679576e6ce652b6",
            "attachment": [
              {
                "attachment_id": "eni-attach-0317cb6c7731bb9b3",
                "device_index": 1,
                "instance": "i-06ca2bb35bcc6c91a"
              }
            ],
            "description": "",
            "id": "eni-0e679576e6ce652b6",
            "interface_type": "interface",
            "ipv4_prefix_count": 0,
            "ipv4_prefixes": [],
            "ipv6_address_count": 0,
            "ipv6_address_list": [],
            "ipv6_address_list_enabled": false,
            "ipv6_addresses": [],
            "ipv6_prefix_count": 0,
            "ipv6_prefixes": [],
            "mac_address": "02:32:28:3a:43:e9",
            "outpost_arn": "",
            "owner_id": "767925479794",
            "private_dns_name": "ip-10-0-1-66.us-east-2.compute.internal",
            "private_ip": "10.0.1.66",
            "private_ip_list": [
              "10.0.1.66"
            ],
            "private_ip_list_enabled": false,
            "private_ips": [
              "10.0.1.66"
            ],
            "private_ips_count": 0,
            "security_groups": [
              "sg-06a0c357ae6fac76d"
            ],
            "source_dest_check": true,
            "subnet_id": "subnet-0846a595a0f1e011b",
            "tags": {
              "Name": "initech-webapp-dev-eni"
            },
            "tags_all": {
              "Name": "initech-webapp-dev-eni"
            }
          },
          "sensitive_attributes": [],
          "private": "bnVsbA==",
          "dependencies": [
            "aws_instance.webapp",
            "aws_key_pair.webapp-keypair",
            "aws_security_group.dev_web_sg",
            "aws_subnet.dev_subnet",
            "aws_vpc.dev_vpc"
          ]
        }
      ]
    },
    {
      "mode": "managed",
      "type": "aws_security_group",
      "name": "dev_web_sg",
      "provider": "provider[\"registry.terraform.io/hashicorp/aws\"]",
      "instances": [
        {
          "schema_version": 1,
          "attributes": {
            "arn": "arn:aws:ec2:us-east-2:767925479794:security-group/sg-06a0c357ae6fac76d",
            "description": "Security group for initech web app development",
            "egress": [],
            "id": "sg-06a0c357ae6fac76d",
            "ingress": [
              {
                "cidr_blocks": [
                  "0.0.0.0/0"
                ],
                "description": "",
                "from_port": 22,
                "ipv6_cidr_blocks": [],
                "prefix_list_ids": [],
                "protocol": "tcp",
                "security_groups": [],
                "self": false,
                "to_port": 22
              },
              {
                "cidr_blocks": [
                  "0.0.0.0/0"
                ],
                "description": "",
                "from_port": 8080,
                "ipv6_cidr_blocks": [],
                "prefix_list_ids": [],
                "protocol": "tcp",
                "security_groups": [],
                "self": false,
                "to_port": 8080
              }
            ],
            "name": "dev-web-sg",
            "name_prefix": "",
            "owner_id": "767925479794",
            "revoke_rules_on_delete": false,
            "tags": {
              "Environment": "dev",
              "Name": "initech-webapp-dev-sg"
            },
            "tags_all": {
              "Environment": "dev",
              "Name": "initech-webapp-dev-sg"
            },
            "timeouts": null,
            "vpc_id": "vpc-089798690beb89563"
          },
          "sensitive_attributes": [],
          "private": "eyJlMmJmYjczMC1lY2FhLTExZTYtOGY4OC0zNDM2M2JjN2M0YzAiOnsiY3JlYXRlIjo2MDAwMDAwMDAwMDAsImRlbGV0ZSI6OTAwMDAwMDAwMDAwfSwic2NoZW1hX3ZlcnNpb24iOiIxIn0=",
          "dependencies": [
            "aws_vpc.dev_vpc"
          ]
        }
      ]
    },
    {
      "mode": "managed",
      "type": "aws_subnet",
      "name": "dev_subnet",
      "provider": "provider[\"registry.terraform.io/hashicorp/aws\"]",
      "instances": [
        {
          "schema_version": 1,
          "attributes": {
            "arn": "arn:aws:ec2:us-east-2:767925479794:subnet/subnet-0846a595a0f1e011b",
            "assign_ipv6_address_on_creation": false,
            "availability_zone": "us-east-2a",
            "availability_zone_id": "use2-az1",
            "cidr_block": "10.0.1.0/24",
            "customer_owned_ipv4_pool": "",
            "enable_dns64": false,
            "enable_lni_at_device_index": 0,
            "enable_resource_name_dns_a_record_on_launch": false,
            "enable_resource_name_dns_aaaa_record_on_launch": false,
            "id": "subnet-0846a595a0f1e011b",
            "ipv6_cidr_block": "",
            "ipv6_cidr_block_association_id": "",
            "ipv6_native": false,
            "map_customer_owned_ip_on_launch": false,
            "map_public_ip_on_launch": false,
            "outpost_arn": "",
            "owner_id": "767925479794",
            "private_dns_hostname_type_on_launch": "ip-name",
            "tags": {},
            "tags_all": {},
            "timeouts": null,
            "vpc_id": "vpc-089798690beb89563"
          },
          "sensitive_attributes": [],
          "private": "eyJlMmJmYjczMC1lY2FhLTExZTYtOGY4OC0zNDM2M2JjN2M0YzAiOnsiY3JlYXRlIjo2MDAwMDAwMDAwMDAsImRlbGV0ZSI6MTIwMDAwMDAwMDAwMH0sInNjaGVtYV92ZXJzaW9uIjoiMSJ9",
          "dependencies": [
            "aws_vpc.dev_vpc"
          ]
        }
      ]
    },
    {
      "mode": "managed",
      "type": "aws_vpc",
      "name": "dev_vpc",
      "provider": "provider[\"registry.terraform.io/hashicorp/aws\"]",
      "instances": [
        {
          "schema_version": 1,
          "attributes": {
            "arn": "arn:aws:ec2:us-east-2:767925479794:vpc/vpc-089798690beb89563",
            "assign_generated_ipv6_cidr_block": false,
            "cidr_block": "10.0.0.0/16",
            "default_network_acl_id": "acl-00a06638919d14251",
            "default_route_table_id": "rtb-019a4d54156e55637",
            "default_security_group_id": "sg-05466c5a2a77302bd",
            "dhcp_options_id": "dopt-0194d0820febc629d",
            "enable_dns_hostnames": true,
            "enable_dns_support": true,
            "enable_network_address_usage_metrics": false,
            "id": "vpc-089798690beb89563",
            "instance_tenancy": "default",
            "ipv4_ipam_pool_id": null,
            "ipv4_netmask_length": null,
            "ipv6_association_id": "",
            "ipv6_cidr_block": "",
            "ipv6_cidr_block_network_border_group": "",
            "ipv6_ipam_pool_id": "",
            "ipv6_netmask_length": 0,
            "main_route_table_id": "rtb-019a4d54156e55637",
            "owner_id": "767925479794",
            "tags": {},
            "tags_all": {}
          },
          "sensitive_attributes": [],
          "private": "eyJzY2hlbWFfdmVyc2lvbiI6IjEifQ=="
        }
      ]
    }
  ],
  "check_results": null
}
